// !$*UTF8*$!
{
	archiveVersion = 1;
	classes = {
	};
	objectVersion = 77;
	objects = {

/* Begin PBXBuildFile section */
		649AC1EB301B87EE0005B906 /* AppDelegate.swift in Sources */ = {isa = PBXBuildFile; fileRef = 649AC1EA301B87EE0005B906 /* AppDelegate.swift */; };
		649AC1EF301B87EE0005B906 /* Main.html in Resources */ = {isa = PBXBuildFile; fileRef = 649AC1ED301B87EE0005B906 /* Main.html */; };
		649AC1F1301B87EE0005B906 /* Icon.png in Resources */ = {isa = PBXBuildFile; fileRef = 649AC1F0301B87EE0005B906 /* Icon.png */; };
		649AC1F3301B87EE0005B906 /* Style.css in Resources */ = {isa = PBXBuildFile; fileRef = 649AC1F2301B87EE0005B906 /* Style.css */; };
		649AC1F5301B87EE0005B906 /* Script.js in Resources */ = {isa = PBXBuildFile; fileRef = 649AC1F4301B87EE0005B906 /* Script.js */; };
		649AC1F7301B87EE0005B906 /* ViewController.swift in Sources */ = {isa = PBXBuildFile; fileRef = 649AC1F6301B87EE0005B906 /* ViewController.swift */; };
		649AC1FA301B87EE0005B906 /* Main.storyboard in Resources */ = {isa = PBXBuildFile; fileRef = 649AC1F8301B87EE0005B906 /* Main.storyboard */; };
		649AC1FC301B87F00005B906 /* Assets.xcassets in Resources */ = {isa = PBXBuildFile; fileRef = 649AC1FB301B87F00005B906 /* Assets.xcassets */; };
		649AC203301B87F10005B906 /* AutoBanRobot Safari Extension.appex in Embed Foundation Extensions */ = {isa = PBXBuildFile; fileRef = 649AC202301B87F10005B906 /* AutoBanRobot Safari Extension.appex */; settings = {ATTRIBUTES = (RemoveHeadersOnCopy, ); }; };
		649AC208301B87F10005B906 /* SafariWebExtensionHandler.swift in Sources */ = {isa = PBXBuildFile; fileRef = 649AC207301B87F10005B906 /* SafariWebExtensionHandler.swift */; };
		649AC21D301B87F10005B906 /* icon.png in Resources */ = {isa = PBXBuildFile; fileRef = 649AC214301B87F10005B906 /* icon.png */; };
		649AC21E301B87F10005B906 /* popup.js in Resources */ = {isa = PBXBuildFile; fileRef = 649AC215301B87F10005B906 /* popup.js */; };
		649AC21F301B87F10005B906 /* background.js in Resources */ = {isa = PBXBuildFile; fileRef = 649AC216301B87F10005B906 /* background.js */; };
		649AC220301B87F10005B906 /* popup.html in Resources */ = {isa = PBXBuildFile; fileRef = 649AC217301B87F10005B906 /* popup.html */; };
		649AC221301B87F10005B906 /* injected.js in Resources */ = {isa = PBXBuildFile; fileRef = 649AC218301B87F10005B906 /* injected.js */; };
		649AC222301B87F10005B906 /* default-keywords.json in Resources */ = {isa = PBXBuildFile; fileRef = 649AC219301B87F10005B906 /* default-keywords.json */; };
		649AC223301B87F10005B906 /* manifest.json in Resources */ = {isa = PBXBuildFile; fileRef = 649AC21A301B87F10005B906 /* manifest.json */; };
		649AC224301B87F10005B906 /* content.js in Resources */ = {isa = PBXBuildFile; fileRef = 649AC21B301B87F10005B906 /* content.js */; };
		649AC225301B87F10005B906 /* api.js in Resources */ = {isa = PBXBuildFile; fileRef = 649AC21C301B87F10005B906 /* api.js */; };
/* End PBXBuildFile section */

/* Begin PBXContainerItemProxy section */
		649AC204301B87F10005B906 /* PBXContainerItemProxy */ = {
			isa = PBXContainerItemProxy;
			containerPortal = 649AC1DF301B87EE0005B906 /* Project object */;
			proxyType = 1;
			remoteGlobalIDString = 649AC201301B87F10005B906;
			remoteInfo = "AutoBanRobot Safari Extension";
		};
/* End PBXContainerItemProxy section */

/* Begin PBXCopyFilesBuildPhase section */
		649AC20F301B87F10005B906 /* Embed Foundation Extensions */ = {
			isa = PBXCopyFilesBuildPhase;
			buildActionMask = 2147483647;
			dstPath = "";
			dstSubfolderSpec = 13;
			files = (
				649AC203301B87F10005B906 /* AutoBanRobot Safari Extension.appex in Embed Foundation Extensions */,
			);
			name = "Embed Foundation Extensions";
			runOnlyForDeploymentPostprocessing = 0;
		};
/* End PBXCopyFilesBuildPhase section */

/* Begin PBXFileReference section */
		649AC1E7301B87EE0005B906 /* AutoBanRobot Safari.app */ = {isa = PBXFileReference; explicitFileType = wrapper.application; includeInIndex = 0; path = "AutoBanRobot Safari.app"; sourceTree = BUILT_PRODUCTS_DIR; };
		649AC1EA301B87EE0005B906 /* AppDelegate.swift */ = {isa = PBXFileReference; lastKnownFileType = sourcecode.swift; path = AppDelegate.swift; sourceTree = "<group>"; };
		649AC1EE301B87EE0005B906 /* Base */ = {isa = PBXFileReference; lastKnownFileType = text.html; name = Base; path = Base.lproj/Main.html; sourceTree = "<group>"; };
		649AC1F0301B87EE0005B906 /* Icon.png */ = {isa = PBXFileReference; lastKnownFileType = image.png; path = Icon.png; sourceTree = "<group>"; };
		649AC1F2301B87EE0005B906 /* Style.css */ = {isa = PBXFileReference; lastKnownFileType = text.css; path = Style.css; sourceTree = "<group>"; };
		649AC1F4301B87EE0005B906 /* Script.js */ = {isa = PBXFileReference; lastKnownFileType = sourcecode.javascript; path = Script.js; sourceTree = "<group>"; };
		649AC1F6301B87EE0005B906 /* ViewController.swift */ = {isa = PBXFileReference; lastKnownFileType = sourcecode.swift; path = ViewController.swift; sourceTree = "<group>"; };
		649AC1F9301B87EE0005B906 /* Base */ = {isa = PBXFileReference; lastKnownFileType = file.storyboard; name = Base; path = Base.lproj/Main.storyboard; sourceTree = "<group>"; };
		649AC1FB301B87F00005B906 /* Assets.xcassets */ = {isa = PBXFileReference; lastKnownFileType = folder.assetcatalog; path = Assets.xcassets; sourceTree = "<group>"; };
		649AC1FD301B87F00005B906 /* Info.plist */ = {isa = PBXFileReference; lastKnownFileType = text.plist.xml; path = Info.plist; sourceTree = "<group>"; };
		649AC202301B87F10005B906 /* AutoBanRobot Safari Extension.appex */ = {isa = PBXFileReference; explicitFileType = "wrapper.app-extension"; includeInIndex = 0; path = "AutoBanRobot Safari Extension.appex"; sourceTree = BUILT_PRODUCTS_DIR; };
		649AC207301B87F10005B906 /* SafariWebExtensionHandler.swift */ = {isa = PBXFileReference; lastKnownFileType = sourcecode.swift; path = SafariWebExtensionHandler.swift; sourceTree = "<group>"; };
		649AC209301B87F10005B906 /* Info.plist */ = {isa = PBXFileReference; lastKnownFileType = text.plist.xml; path = Info.plist; sourceTree = "<group>"; };
		649AC214301B87F10005B906 /* icon.png */ = {isa = PBXFileReference; lastKnownFileType = image.png; name = icon.png; path = Resources/icon.png; sourceTree = "<group>"; };
		649AC215301B87F10005B906 /* popup.js */ = {isa = PBXFileReference; lastKnownFileType = sourcecode.javascript; name = popup.js; path = Resources/popup.js; sourceTree = "<group>"; };
		649AC216301B87F10005B906 /* background.js */ = {isa = PBXFileReference; lastKnownFileType = sourcecode.javascript; name = background.js; path = Resources/background.js; sourceTree = "<group>"; };
		649AC217301B87F10005B906 /* popup.html */ = {isa = PBXFileReference; lastKnownFileType = text.html; name = popup.html; path = Resources/popup.html; sourceTree = "<group>"; };
		649AC218301B87F10005B906 /* injected.js */ = {isa = PBXFileReference; lastKnownFileType = sourcecode.javascript; name = injected.js; path = Resources/injected.js; sourceTree = "<group>"; };
		649AC219301B87F10005B906 /* default-keywords.json */ = {isa = PBXFileReference; lastKnownFileType = text.json; name = "default-keywords.json"; path = "Resources/default-keywords.json"; sourceTree = "<group>"; };
		649AC21A301B87F10005B906 /* manifest.json */ = {isa = PBXFileReference; lastKnownFileType = text.json; name = manifest.json; path = Resources/manifest.json; sourceTree = "<group>"; };
		649AC21B301B87F10005B906 /* content.js */ = {isa = PBXFileReference; lastKnownFileType = sourcecode.javascript; name = content.js; path = Resources/content.js; sourceTree = "<group>"; };
		649AC21C301B87F10005B906 /* api.js */ = {isa = PBXFileReference; lastKnownFileType = sourcecode.javascript; name = api.js; path = Resources/api.js; sourceTree = "<group>"; };
/* End PBXFileReference section */

/* Begin PBXFrameworksBuildPhase section */
		649AC1E4301B87EE0005B906 /* Frameworks */ = {
			isa = PBXFrameworksBuildPhase;
			buildActionMask = 2147483647;
			files = (
			);
			runOnlyForDeploymentPostprocessing = 0;
		};
		649AC1FF301B87F10005B906 /* Frameworks */ = {
			isa = PBXFrameworksBuildPhase;
			buildActionMask = 2147483647;
			files = (
			);
			runOnlyForDeploymentPostprocessing = 0;
		};
/* End PBXFrameworksBuildPhase section */

/* Begin PBXGroup section */
		649AC1DE301B87EE0005B906 = {
			isa = PBXGroup;
			children = (
				649AC1E9301B87EE0005B906 /* AutoBanRobot Safari */,
				649AC206301B87F10005B906 /* AutoBanRobot Safari Extension */,
				649AC1E8301B87EE0005B906 /* Products */,
			);
			sourceTree = "<group>";
		};
		649AC1E8301B87EE0005B906 /* Products */ = {
			isa = PBXGroup;
			children = (
				649AC1E7301B87EE0005B906 /* AutoBanRobot Safari.app */,
				649AC202301B87F10005B906 /* AutoBanRobot Safari Extension.appex */,
			);
			name = Products;
			sourceTree = "<group>";
		};
		649AC1E9301B87EE0005B906 /* AutoBanRobot Safari */ = {
			isa = PBXGroup;
			children = (
				649AC1EA301B87EE0005B906 /* AppDelegate.swift */,
				649AC1F6301B87EE0005B906 /* ViewController.swift */,
				649AC1F8301B87EE0005B906 /* Main.storyboard */,
				649AC1FB301B87F00005B906 /* Assets.xcassets */,
				649AC1FD301B87F00005B906 /* Info.plist */,
				649AC1EC301B87EE0005B906 /* Resources */,
			);
			path = "AutoBanRobot Safari";
			sourceTree = "<group>";
		};
		649AC1EC301B87EE0005B906 /* Resources */ = {
			isa = PBXGroup;
			children = (
				649AC1ED301B87EE0005B906 /* Main.html */,
				649AC1F0301B87EE0005B906 /* Icon.png */,
				649AC1F2301B87EE0005B906 /* Style.css */,
				649AC1F4301B87EE0005B906 /* Script.js */,
			);
			path = Resources;
			sourceTree = "<group>";
		};
		649AC206301B87F10005B906 /* AutoBanRobot Safari Extension */ = {
			isa = PBXGroup;
			children = (
				649AC213301B87F10005B906 /* Resources */,
				649AC207301B87F10005B906 /* SafariWebExtensionHandler.swift */,
				649AC209301B87F10005B906 /* Info.plist */,
			);
			path = "AutoBanRobot Safari Extension";
			sourceTree = "<group>";
		};
		649AC213301B87F10005B906 /* Resources */ = {
			isa = PBXGroup;
			children = (
				649AC214301B87F10005B906 /* icon.png */,
				649AC215301B87F10005B906 /* popup.js */,
				649AC216301B87F10005B906 /* background.js */,
				649AC217301B87F10005B906 /* popup.html */,
				649AC218301B87F10005B906 /* injected.js */,
				649AC219301B87F10005B906 /* default-keywords.json */,
				649AC21A301B87F10005B906 /* manifest.json */,
				649AC21B301B87F10005B906 /* content.js */,
				649AC21C301B87F10005B906 /* api.js */,
			);
			name = Resources;
			path = "AutoBanRobot Safari Extension";
			sourceTree = SOURCE_ROOT;
		};
/* End PBXGroup section */

/* Begin PBXNativeTarget section */
		649AC1E6301B87EE0005B906 /* AutoBanRobot Safari */ = {
			isa = PBXNativeTarget;
			buildConfigurationList = 649AC210301B87F10005B906 /* Build configuration list for PBXNativeTarget "AutoBanRobot Safari" */;
			buildPhases = (
				649AC1E3301B87EE0005B906 /* Sources */,
				649AC1E4301B87EE0005B906 /* Frameworks */,
				649AC1E5301B87EE0005B906 /* Resources */,
				649AC20F301B87F10005B906 /* Embed Foundation Extensions */,
			);
			buildRules = (
			);
			dependencies = (
				649AC205301B87F10005B906 /* PBXTargetDependency */,
			);
			name = "AutoBanRobot Safari";
			packageProductDependencies = (
			);
			productName = "AutoBanRobot Safari";
			productReference = 649AC1E7301B87EE0005B906 /* AutoBanRobot Safari.app */;
			productType = "com.apple.product-type.application";
		};
		649AC201301B87F10005B906 /* AutoBanRobot Safari Extension */ = {
			isa = PBXNativeTarget;
			buildConfigurationList = 649AC20C301B87F10005B906 /* Build configuration list for PBXNativeTarget "AutoBanRobot Safari Extension" */;
			buildPhases = (
				649AC1FE301B87F10005B906 /* Sources */,
				649AC1FF301B87F10005B906 /* Frameworks */,
				649AC200301B87F10005B906 /* Resources */,
			);
			buildRules = (
			);
			dependencies = (
			);
			name = "AutoBanRobot Safari Extension";
			packageProductDependencies = (
			);
			productName = "AutoBanRobot Safari Extension";
			productReference = 649AC202301B87F10005B906 /* AutoBanRobot Safari Extension.appex */;
			productType = "com.apple.product-type.app-extension";
		};
/* End PBXNativeTarget section */

/* Begin PBXProject section */
		649AC1DF301B87EE0005B906 /* Project object */ = {
			isa = PBXProject;
			attributes = {
				BuildIndependentTargetsInParallel = 1;
				LastSwiftUpdateCheck = 2660;
				LastUpgradeCheck = 2660;
				TargetAttributes = {
					649AC1E6301B87EE0005B906 = {
						CreatedOnToolsVersion = 26.6;
					};
					649AC201301B87F10005B906 = {
						CreatedOnToolsVersion = 26.6;
					};
				};
			};
			buildConfigurationList = 649AC1E2301B87EE0005B906 /* Build configuration list for PBXProject "AutoBanRobot Safari" */;
			developmentRegion = en;
			hasScannedForEncodings = 0;
			knownRegions = (
				en,
				Base,
			);
			mainGroup = 649AC1DE301B87EE0005B906;
			minimizedProjectReferenceProxies = 1;
			preferredProjectObjectVersion = 77;
			productRefGroup = 649AC1E8301B87EE0005B906 /* Products */;
			projectDirPath = "";
			projectRoot = "";
			targets = (
				649AC1E6301B87EE0005B906 /* AutoBanRobot Safari */,
				649AC201301B87F10005B906 /* AutoBanRobot Safari Extension */,
			);
		};
/* End PBXProject section */

/* Begin PBXResourcesBuildPhase section */
		649AC1E5301B87EE0005B906 /* Resources */ = {
			isa = PBXResourcesBuildPhase;
			buildActionMask = 2147483647;
			files = (
				649AC1F1301B87EE0005B906 /* Icon.png in Resources */,
				649AC1FA301B87EE0005B906 /* Main.storyboard in Resources */,
				649AC1F5301B87EE0005B906 /* Script.js in Resources */,
				649AC1EF301B87EE0005B906 /* Main.html in Resources */,
				649AC1FC301B87F00005B906 /* Assets.xcassets in Resources */,
				649AC1F3301B87EE0005B906 /* Style.css in Resources */,
			);
			runOnlyForDeploymentPostprocessing = 0;
		};
		649AC200301B87F10005B906 /* Resources */ = {
			isa = PBXResourcesBuildPhase;
			buildActionMask = 2147483647;
			files = (
				649AC224301B87F10005B906 /* content.js in Resources */,
				649AC21D301B87F10005B906 /* icon.png in Resources */,
				649AC225301B87F10005B906 /* api.js in Resources */,
				649AC223301B87F10005B906 /* manifest.json in Resources */,
				649AC221301B87F10005B906 /* injected.js in Resources */,
				649AC220301B87F10005B906 /* popup.html in Resources */,
				649AC21F301B87F10005B906 /* background.js in Resources */,
				649AC21E301B87F10005B906 /* popup.js in Resources */,
				649AC222301B87F10005B906 /* default-keywords.json in Resources */,
			);
			runOnlyForDeploymentPostprocessing = 0;
		};
/* End PBXResourcesBuildPhase section */

/* Begin PBXSourcesBuildPhase section */
		649AC1E3301B87EE0005B906 /* Sources */ = {
			isa = PBXSourcesBuildPhase;
			buildActionMask = 2147483647;
			files = (
				649AC1F7301B87EE0005B906 /* ViewController.swift in Sources */,
				649AC1EB301B87EE0005B906 /* AppDelegate.swift in Sources */,
			);
			runOnlyForDeploymentPostprocessing = 0;
		};
		649AC1FE301B87F10005B906 /* Sources */ = {
			isa = PBXSourcesBuildPhase;
			buildActionMask = 2147483647;
			files = (
				649AC208301B87F10005B906 /* SafariWebExtensionHandler.swift in Sources */,
			);
			runOnlyForDeploymentPostprocessing = 0;
		};
/* End PBXSourcesBuildPhase section */

/* Begin PBXTargetDependency section */
		649AC205301B87F10005B906 /* PBXTargetDependency */ = {
			isa = PBXTargetDependency;
			target = 649AC201301B87F10005B906 /* AutoBanRobot Safari Extension */;
			targetProxy = 649AC204301B87F10005B906 /* PBXContainerItemProxy */;
		};
/* End PBXTargetDependency section */

/* Begin PBXVariantGroup section */
		649AC1ED301B87EE0005B906 /* Main.html */ = {
			isa = PBXVariantGroup;
			children = (
				649AC1EE301B87EE0005B906 /* Base */,
			);
			name = Main.html;
			sourceTree = "<group>";
		};
		649AC1F8301B87EE0005B906 /* Main.storyboard */ = {
			isa = PBXVariantGroup;
			children = (
				649AC1F9301B87EE0005B906 /* Base */,
			);
			name = Main.storyboard;
			sourceTree = "<group>";
		};
/* End PBXVariantGroup section */

/* Begin XCBuildConfiguration section */
		649AC20A301B87F10005B906 /* Debug */ = {
			isa = XCBuildConfiguration;
			buildSettings = {
				ALWAYS_SEARCH_USER_PATHS = NO;
				ASSETCATALOG_COMPILER_GENERATE_SWIFT_ASSET_SYMBOL_EXTENSIONS = YES;
				CLANG_ANALYZER_NONNULL = YES;
				CLANG_ANALYZER_NUMBER_OBJECT_CONVERSION = YES_AGGRESSIVE;
				CLANG_CXX_LANGUAGE_STANDARD = "gnu++20";
				CLANG_ENABLE_MODULES = YES;
				CLANG_ENABLE_OBJC_ARC = YES;
				CLANG_ENABLE_OBJC_WEAK = YES;
				CLANG_WARN_BLOCK_CAPTURE_AUTORELEASING = YES;
				CLANG_WARN_BOOL_CONVERSION = YES;
				CLANG_WARN_COMMA = YES;
				CLANG_WARN_CONSTANT_CONVERSION = YES;
				CLANG_WARN_DEPRECATED_OBJC_IMPLEMENTATIONS = YES;
				CLANG_WARN_DIRECT_OBJC_ISA_USAGE = YES_ERROR;
				CLANG_WARN_DOCUMENTATION_COMMENTS = YES;
				CLANG_WARN_EMPTY_BODY = YES;
				CLANG_WARN_ENUM_CONVERSION = YES;
				CLANG_WARN_INFINITE_RECURSION = YES;
				CLANG_WARN_INT_CONVERSION = YES;
				CLANG_WARN_NON_LITERAL_NULL_CONVERSION = YES;
				CLANG_WARN_OBJC_IMPLICIT_RETAIN_SELF = YES;
				CLANG_WARN_OBJC_LITERAL_CONVERSION = YES;
				CLANG_WARN_OBJC_ROOT_CLASS = YES_ERROR;
				CLANG_WARN_QUOTED_INCLUDE_IN_FRAMEWORK_HEADER = YES;
				CLANG_WARN_RANGE_LOOP_ANALYSIS = YES;
				CLANG_WARN_STRICT_PROTOTYPES = YES;
				CLANG_WARN_SUSPICIOUS_MOVE = YES;
				CLANG_WARN_UNGUARDED_AVAILABILITY = YES_AGGRESSIVE;
				CLANG_WARN_UNREACHABLE_CODE = YES;
				CLANG_WARN__DUPLICATE_METHOD_MATCH = YES;
				COPY_PHASE_STRIP = NO;
				DEBUG_INFORMATION_FORMAT = dwarf;
				ENABLE_STRICT_OBJC_MSGSEND = YES;
				ENABLE_TESTABILITY = YES;
				ENABLE_USER_SCRIPT_SANDBOXING = YES;
				GCC_C_LANGUAGE_STANDARD = gnu17;
				GCC_DYNAMIC_NO_PIC = NO;
				GCC_NO_COMMON_BLOCKS = YES;
				GCC_OPTIMIZATION_LEVEL = 0;
				GCC_PREPROCESSOR_DEFINITIONS = (
					"DEBUG=1",
					"$(inherited)",
				);
				GCC_WARN_64_TO_32_BIT_CONVERSION = YES;
				GCC_WARN_ABOUT_RETURN_TYPE = YES_ERROR;
				GCC_WARN_UNDECLARED_SELECTOR = YES;
				GCC_WARN_UNINITIALIZED_AUTOS = YES_AGGRESSIVE;
				GCC_WARN_UNUSED_FUNCTION = YES;
				GCC_WARN_UNUSED_VARIABLE = YES;
				LOCALIZATION_PREFERS_STRING_CATALOGS = YES;
				MACOSX_DEPLOYMENT_TARGET = 26.5;
				MTL_ENABLE_DEBUG_INFO = INCLUDE_SOURCE;
				MTL_FAST_MATH = YES;
				ONLY_ACTIVE_ARCH = YES;
				SDKROOT = macosx;
				SWIFT_ACTIVE_COMPILATION_CONDITIONS = "DEBUG $(inherited)";
				SWIFT_OPTIMIZATION_LEVEL = "-Onone";
			};
			name = Debug;
		};
		649AC20B301B87F10005B906 /* Release */ = {
			isa = XCBuildConfiguration;
			buildSettings = {
				ALWAYS_SEARCH_USER_PATHS = NO;
				ASSETCATALOG_COMPILER_GENERATE_SWIFT_ASSET_SYMBOL_EXTENSIONS = YES;
				CLANG_ANALYZER_NONNULL = YES;
				CLANG_ANALYZER_NUMBER_OBJECT_CONVERSION = YES_AGGRESSIVE;
				CLANG_CXX_LANGUAGE_STANDARD = "gnu++20";
				CLANG_ENABLE_MODULES = YES;
				CLANG_ENABLE_OBJC_ARC = YES;
				CLANG_ENABLE_OBJC_WEAK = YES;
				CLANG_WARN_BLOCK_CAPTURE_AUTORELEASING = YES;
				CLANG_WARN_BOOL_CONVERSION = YES;
				CLANG_WARN_COMMA = YES;
				CLANG_WARN_CONSTANT_CONVERSION = YES;
				CLANG_WARN_DEPRECATED_OBJC_IMPLEMENTATIONS = YES;
				CLANG_WARN_DIRECT_OBJC_ISA_USAGE = YES_ERROR;
				CLANG_WARN_DOCUMENTATION_COMMENTS = YES;
				CLANG_WARN_EMPTY_BODY = YES;
				CLANG_WARN_ENUM_CONVERSION = YES;
				CLANG_WARN_INFINITE_RECURSION = YES;
				CLANG_WARN_INT_CONVERSION = YES;
				CLANG_WARN_NON_LITERAL_NULL_CONVERSION = YES;
				CLANG_WARN_OBJC_IMPLICIT_RETAIN_SELF = YES;
				CLANG_WARN_OBJC_LITERAL_CONVERSION = YES;
				CLANG_WARN_OBJC_ROOT_CLASS = YES_ERROR;
				CLANG_WARN_QUOTED_INCLUDE_IN_FRAMEWORK_HEADER = YES;
				CLANG_WARN_RANGE_LOOP_ANALYSIS = YES;
				CLANG_WARN_STRICT_PROTOTYPES = YES;
				CLANG_WARN_SUSPICIOUS_MOVE = YES;
				CLANG_WARN_UNGUARDED_AVAILABILITY = YES_AGGRESSIVE;
				CLANG_WARN_UNREACHABLE_CODE = YES;
				CLANG_WARN__DUPLICATE_METHOD_MATCH = YES;
				COPY_PHASE_STRIP = NO;
				DEBUG_INFORMATION_FORMAT = "dwarf-with-dsym";
				ENABLE_NS_ASSERTIONS = NO;
				ENABLE_STRICT_OBJC_MSGSEND = YES;
				ENABLE_USER_SCRIPT_SANDBOXING = YES;
				GCC_C_LANGUAGE_STANDARD = gnu17;
				GCC_NO_COMMON_BLOCKS = YES;
				GCC_WARN_64_TO_32_BIT_CONVERSION = YES;
				GCC_WARN_ABOUT_RETURN_TYPE = YES_ERROR;
				GCC_WARN_UNDECLARED_SELECTOR = YES;
				GCC_WARN_UNINITIALIZED_AUTOS = YES_AGGRESSIVE;
				GCC_WARN_UNUSED_FUNCTION = YES;
				GCC_WARN_UNUSED_VARIABLE = YES;
				LOCALIZATION_PREFERS_STRING_CATALOGS = YES;
				MACOSX_DEPLOYMENT_TARGET = 26.5;
				MTL_ENABLE_DEBUG_INFO = NO;
				MTL_FAST_MATH = YES;
				SDKROOT = macosx;
				SWIFT_COMPILATION_MODE = wholemodule;
			};
			name = Release;
		};
		649AC20D301B87F10005B906 /* Debug */ = {
			isa = XCBuildConfiguration;
			buildSettings = {
				CODE_SIGN_STYLE = Automatic;
				CURRENT_PROJECT_VERSION = 1;
				ENABLE_APP_SANDBOX = YES;
				ENABLE_HARDENED_RUNTIME = YES;
				ENABLE_USER_SELECTED_FILES = readonly;
				GENERATE_INFOPLIST_FILE = YES;
				INFOPLIST_FILE = "AutoBanRobot Safari Extension/Info.plist";
				INFOPLIST_KEY_CFBundleDisplayName = "AutoBanRobot Safari Extension";
				INFOPLIST_KEY_NSHumanReadableCopyright = "";
				LD_RUNPATH_SEARCH_PATHS = (
					"$(inherited)",
					"@executable_path/../Frameworks",
					"@executable_path/../../../../Frameworks",
				);
				MACOSX_DEPLOYMENT_TARGET = 10.14;
				MARKETING_VERSION = 1.0;
				OTHER_LDFLAGS = (
					"-framework",
					SafariServices,
				);
				PRODUCT_BUNDLE_IDENTIFIER = com.serenamustrich.autobanrobot.safari.Extension;
				PRODUCT_NAME = "$(TARGET_NAME)";
				SKIP_INSTALL = YES;
				STRING_CATALOG_GENERATE_SYMBOLS = YES;
				SWIFT_APPROACHABLE_CONCURRENCY = YES;
				SWIFT_EMIT_LOC_STRINGS = YES;
				SWIFT_UPCOMING_FEATURE_MEMBER_IMPORT_VISIBILITY = YES;
				SWIFT_VERSION = 5.0;
			};
			name = Debug;
		};
		649AC20E301B87F10005B906 /* Release */ = {
			isa = XCBuildConfiguration;
			buildSettings = {
				CODE_SIGN_STYLE = Automatic;
				CURRENT_PROJECT_VERSION = 1;
				ENABLE_APP_SANDBOX = YES;
				ENABLE_HARDENED_RUNTIME = YES;
				ENABLE_USER_SELECTED_FILES = readonly;
				GENERATE_INFOPLIST_FILE = YES;
				INFOPLIST_FILE = "AutoBanRobot Safari Extension/Info.plist";
				INFOPLIST_KEY_CFBundleDisplayName = "AutoBanRobot Safari Extension";
				INFOPLIST_KEY_NSHumanReadableCopyright = "";
				LD_RUNPATH_SEARCH_PATHS = (
					"$(inherited)",
					"@executable_path/../Frameworks",
					"@executable_path/../../../../Frameworks",
				);
				MACOSX_DEPLOYMENT_TARGET = 10.14;
				MARKETING_VERSION = 1.0;
				OTHER_LDFLAGS = (
					"-framework",
					SafariServices,
				);
				PRODUCT_BUNDLE_IDENTIFIER = com.serenamustrich.autobanrobot.safari.Extension;
				PRODUCT_NAME = "$(TARGET_NAME)";
				SKIP_INSTALL = YES;
				STRING_CATALOG_GENERATE_SYMBOLS = YES;
				SWIFT_APPROACHABLE_CONCURRENCY = YES;
				SWIFT_EMIT_LOC_STRINGS = YES;
				SWIFT_UPCOMING_FEATURE_MEMBER_IMPORT_VISIBILITY = YES;
				SWIFT_VERSION = 5.0;
			};
			name = Release;
		};
		649AC211301B87F10005B906 /* Debug */ = {
			isa = XCBuildConfiguration;
			buildSettings = {
				ASSETCATALOG_COMPILER_APPICON_NAME = AppIcon;
				ASSETCATALOG_COMPILER_GLOBAL_ACCENT_COLOR_NAME = AccentColor;
				CODE_SIGN_STYLE = Automatic;
				COMBINE_HIDPI_IMAGES = YES;
				CURRENT_PROJECT_VERSION = 1;
				ENABLE_APP_SANDBOX = YES;
				ENABLE_HARDENED_RUNTIME = YES;
				ENABLE_OUTGOING_NETWORK_CONNECTIONS = YES;
				ENABLE_USER_SELECTED_FILES = readonly;
				GENERATE_INFOPLIST_FILE = YES;
				INFOPLIST_FILE = "AutoBanRobot Safari/Info.plist";
				INFOPLIST_KEY_CFBundleDisplayName = "AutoBanRobot Safari";
				INFOPLIST_KEY_NSHumanReadableCopyright = "";
				INFOPLIST_KEY_NSMainStoryboardFile = Main;
				INFOPLIST_KEY_NSPrincipalClass = NSApplication;
				LD_RUNPATH_SEARCH_PATHS = (
					"$(inherited)",
					"@executable_path/../Frameworks",
				);
				MARKETING_VERSION = 1.0;
				OTHER_LDFLAGS = (
					"-framework",
					SafariServices,
					"-framework",
					WebKit,
				);
				PRODUCT_BUNDLE_IDENTIFIER = "com.serenamustrich.autobanrobot.safari";
				PRODUCT_NAME = "$(TARGET_NAME)";
				REGISTER_APP_GROUPS = YES;
				STRING_CATALOG_GENERATE_SYMBOLS = YES;
				SWIFT_APPROACHABLE_CONCURRENCY = YES;
				SWIFT_DEFAULT_ACTOR_ISOLATION = MainActor;
				SWIFT_EMIT_LOC_STRINGS = YES;
				SWIFT_UPCOMING_FEATURE_MEMBER_IMPORT_VISIBILITY = YES;
				SWIFT_VERSION = 5.0;
			};
			name = Debug;
		};
		649AC212301B87F10005B906 /* Release */ = {
			isa = XCBuildConfiguration;
			buildSettings = {
				ASSETCATALOG_COMPILER_APPICON_NAME = AppIcon;
				ASSETCATALOG_COMPILER_GLOBAL_ACCENT_COLOR_NAME = AccentColor;
				CODE_SIGN_STYLE = Automatic;
				COMBINE_HIDPI_IMAGES = YES;
				CURRENT_PROJECT_VERSION = 1;
				ENABLE_APP_SANDBOX = YES;
				ENABLE_HARDENED_RUNTIME = YES;
				ENABLE_OUTGOING_NETWORK_CONNECTIONS = YES;
				ENABLE_USER_SELECTED_FILES = readonly;
				GENERATE_INFOPLIST_FILE = YES;
				INFOPLIST_FILE = "AutoBanRobot Safari/Info.plist";
				INFOPLIST_KEY_CFBundleDisplayName = "AutoBanRobot Safari";
				INFOPLIST_KEY_NSHumanReadableCopyright = "";
				INFOPLIST_KEY_NSMainStoryboardFile = Main;
				INFOPLIST_KEY_NSPrincipalClass = NSApplication;
				LD_RUNPATH_SEARCH_PATHS = (
					"$(inherited)",
					"@executable_path/../Frameworks",
				);
				MARKETING_VERSION = 1.0;
				OTHER_LDFLAGS = (
					"-framework",
					SafariServices,
					"-framework",
					WebKit,
				);
				PRODUCT_BUNDLE_IDENTIFIER = "com.serenamustrich.autobanrobot.safari";
				PRODUCT_NAME = "$(TARGET_NAME)";
				REGISTER_APP_GROUPS = YES;
				STRING_CATALOG_GENERATE_SYMBOLS = YES;
				SWIFT_APPROACHABLE_CONCURRENCY = YES;
				SWIFT_DEFAULT_ACTOR_ISOLATION = MainActor;
				SWIFT_EMIT_LOC_STRINGS = YES;
				SWIFT_UPCOMING_FEATURE_MEMBER_IMPORT_VISIBILITY = YES;
				SWIFT_VERSION = 5.0;
			};
			name = Release;
		};
/* End XCBuildConfiguration section */

/* Begin XCConfigurationList section */
		649AC1E2301B87EE0005B906 /* Build configuration list for PBXProject "AutoBanRobot Safari" */ = {
			isa = XCConfigurationList;
			buildConfigurations = (
				649AC20A301B87F10005B906 /* Debug */,
				649AC20B301B87F10005B906 /* Release */,
			);
			defaultConfigurationIsVisible = 0;
			defaultConfigurationName = Release;
		};
		649AC20C301B87F10005B906 /* Build configuration list for PBXNativeTarget "AutoBanRobot Safari Extension" */ = {
			isa = XCConfigurationList;
			buildConfigurations = (
				649AC20D301B87F10005B906 /* Debug */,
				649AC20E301B87F10005B906 /* Release */,
			);
			defaultConfigurationIsVisible = 0;
			defaultConfigurationName = Release;
		};
		649AC210301B87F10005B906 /* Build configuration list for PBXNativeTarget "AutoBanRobot Safari" */ = {
			isa = XCConfigurationList;
			buildConfigurations = (
				649AC211301B87F10005B906 /* Debug */,
				649AC212301B87F10005B906 /* Release */,
			);
			defaultConfigurationIsVisible = 0;
			defaultConfigurationName = Release;
		};
/* End XCConfigurationList section */
	};
	rootObject = 649AC1DF301B87EE0005B906 /* Project object */;
}
