// !$*UTF8*$!
{
	archiveVersion = 1;
	classes = {
	};
	objectVersion = 77;
	objects = {

/* Begin PBXBuildFile section */
		643EEA07301A2C9B00C95E27 /* AppDelegate.swift in Sources */ = {isa = PBXBuildFile; fileRef = 643EEA06301A2C9B00C95E27 /* AppDelegate.swift */; };
		643EEA0B301A2C9B00C95E27 /* Main.html in Resources */ = {isa = PBXBuildFile; fileRef = 643EEA09301A2C9B00C95E27 /* Main.html */; };
		643EEA0D301A2C9B00C95E27 /* Icon.png in Resources */ = {isa = PBXBuildFile; fileRef = 643EEA0C301A2C9B00C95E27 /* Icon.png */; };
		643EEA0F301A2C9B00C95E27 /* Style.css in Resources */ = {isa = PBXBuildFile; fileRef = 643EEA0E301A2C9B00C95E27 /* Style.css */; };
		643EEA11301A2C9B00C95E27 /* Script.js in Resources */ = {isa = PBXBuildFile; fileRef = 643EEA10301A2C9B00C95E27 /* Script.js */; };
		643EEA13301A2C9B00C95E27 /* ViewController.swift in Sources */ = {isa = PBXBuildFile; fileRef = 643EEA12301A2C9B00C95E27 /* ViewController.swift */; };
		643EEA16301A2C9B00C95E27 /* Main.storyboard in Resources */ = {isa = PBXBuildFile; fileRef = 643EEA14301A2C9B00C95E27 /* Main.storyboard */; };
		643EEA18301A2C9C00C95E27 /* Assets.xcassets in Resources */ = {isa = PBXBuildFile; fileRef = 643EEA17301A2C9C00C95E27 /* Assets.xcassets */; };
		643EEA1F301A2C9C00C95E27 /* AutoBanRobot Safari Extension.appex in Embed Foundation Extensions */ = {isa = PBXBuildFile; fileRef = 643EEA1E301A2C9C00C95E27 /* AutoBanRobot Safari Extension.appex */; settings = {ATTRIBUTES = (RemoveHeadersOnCopy, ); }; };
		643EEA24301A2C9C00C95E27 /* SafariWebExtensionHandler.swift in Sources */ = {isa = PBXBuildFile; fileRef = 643EEA23301A2C9C00C95E27 /* SafariWebExtensionHandler.swift */; };
		643EEA39301A2C9C00C95E27 /* icon.png in Resources */ = {isa = PBXBuildFile; fileRef = 643EEA30301A2C9C00C95E27 /* icon.png */; };
		643EEA3A301A2C9C00C95E27 /* popup.js in Resources */ = {isa = PBXBuildFile; fileRef = 643EEA31301A2C9C00C95E27 /* popup.js */; };
		643EEA3B301A2C9C00C95E27 /* background.js in Resources */ = {isa = PBXBuildFile; fileRef = 643EEA32301A2C9C00C95E27 /* background.js */; };
		643EEA3C301A2C9C00C95E27 /* popup.html in Resources */ = {isa = PBXBuildFile; fileRef = 643EEA33301A2C9C00C95E27 /* popup.html */; };
		643EEA3D301A2C9C00C95E27 /* injected.js in Resources */ = {isa = PBXBuildFile; fileRef = 643EEA34301A2C9C00C95E27 /* injected.js */; };
		643EEA3E301A2C9C00C95E27 /* default-keywords.json in Resources */ = {isa = PBXBuildFile; fileRef = 643EEA35301A2C9C00C95E27 /* default-keywords.json */; };
		643EEA3F301A2C9C00C95E27 /* manifest.json in Resources */ = {isa = PBXBuildFile; fileRef = 643EEA36301A2C9C00C95E27 /* manifest.json */; };
		643EEA40301A2C9C00C95E27 /* content.js in Resources */ = {isa = PBXBuildFile; fileRef = 643EEA37301A2C9C00C95E27 /* content.js */; };
		643EEA41301A2C9C00C95E27 /* api.js in Resources */ = {isa = PBXBuildFile; fileRef = 643EEA38301A2C9C00C95E27 /* api.js */; };
/* End PBXBuildFile section */

/* Begin PBXContainerItemProxy section */
		643EEA20301A2C9C00C95E27 /* PBXContainerItemProxy */ = {
			isa = PBXContainerItemProxy;
			containerPortal = 643EE9FB301A2C9B00C95E27 /* Project object */;
			proxyType = 1;
			remoteGlobalIDString = 643EEA1D301A2C9C00C95E27;
			remoteInfo = "AutoBanRobot Safari Extension";
		};
/* End PBXContainerItemProxy section */

/* Begin PBXCopyFilesBuildPhase section */
		643EEA2B301A2C9C00C95E27 /* Embed Foundation Extensions */ = {
			isa = PBXCopyFilesBuildPhase;
			buildActionMask = 2147483647;
			dstPath = "";
			dstSubfolderSpec = 13;
			files = (
				643EEA1F301A2C9C00C95E27 /* AutoBanRobot Safari Extension.appex in Embed Foundation Extensions */,
			);
			name = "Embed Foundation Extensions";
			runOnlyForDeploymentPostprocessing = 0;
		};
/* End PBXCopyFilesBuildPhase section */

/* Begin PBXFileReference section */
		643EEA03301A2C9B00C95E27 /* AutoBanRobot Safari.app */ = {isa = PBXFileReference; explicitFileType = wrapper.application; includeInIndex = 0; path = "AutoBanRobot Safari.app"; sourceTree = BUILT_PRODUCTS_DIR; };
		643EEA06301A2C9B00C95E27 /* AppDelegate.swift */ = {isa = PBXFileReference; lastKnownFileType = sourcecode.swift; path = AppDelegate.swift; sourceTree = "<group>"; };
		643EEA0A301A2C9B00C95E27 /* Base */ = {isa = PBXFileReference; lastKnownFileType = text.html; name = Base; path = Base.lproj/Main.html; sourceTree = "<group>"; };
		643EEA0C301A2C9B00C95E27 /* Icon.png */ = {isa = PBXFileReference; lastKnownFileType = image.png; path = Icon.png; sourceTree = "<group>"; };
		643EEA0E301A2C9B00C95E27 /* Style.css */ = {isa = PBXFileReference; lastKnownFileType = text.css; path = Style.css; sourceTree = "<group>"; };
		643EEA10301A2C9B00C95E27 /* Script.js */ = {isa = PBXFileReference; lastKnownFileType = sourcecode.javascript; path = Script.js; sourceTree = "<group>"; };
		643EEA12301A2C9B00C95E27 /* ViewController.swift */ = {isa = PBXFileReference; lastKnownFileType = sourcecode.swift; path = ViewController.swift; sourceTree = "<group>"; };
		643EEA15301A2C9B00C95E27 /* Base */ = {isa = PBXFileReference; lastKnownFileType = file.storyboard; name = Base; path = Base.lproj/Main.storyboard; sourceTree = "<group>"; };
		643EEA17301A2C9C00C95E27 /* Assets.xcassets */ = {isa = PBXFileReference; lastKnownFileType = folder.assetcatalog; path = Assets.xcassets; sourceTree = "<group>"; };
		643EEA19301A2C9C00C95E27 /* Info.plist */ = {isa = PBXFileReference; lastKnownFileType = text.plist.xml; path = Info.plist; sourceTree = "<group>"; };
		643EEA1E301A2C9C00C95E27 /* AutoBanRobot Safari Extension.appex */ = {isa = PBXFileReference; explicitFileType = "wrapper.app-extension"; includeInIndex = 0; path = "AutoBanRobot Safari Extension.appex"; sourceTree = BUILT_PRODUCTS_DIR; };
		643EEA23301A2C9C00C95E27 /* SafariWebExtensionHandler.swift */ = {isa = PBXFileReference; lastKnownFileType = sourcecode.swift; path = SafariWebExtensionHandler.swift; sourceTree = "<group>"; };
		643EEA25301A2C9C00C95E27 /* Info.plist */ = {isa = PBXFileReference; lastKnownFileType = text.plist.xml; path = Info.plist; sourceTree = "<group>"; };
		643EEA30301A2C9C00C95E27 /* icon.png */ = {isa = PBXFileReference; lastKnownFileType = image.png; name = icon.png; path = Resources/icon.png; sourceTree = "<group>"; };
		643EEA31301A2C9C00C95E27 /* popup.js */ = {isa = PBXFileReference; lastKnownFileType = sourcecode.javascript; name = popup.js; path = Resources/popup.js; sourceTree = "<group>"; };
		643EEA32301A2C9C00C95E27 /* background.js */ = {isa = PBXFileReference; lastKnownFileType = sourcecode.javascript; name = background.js; path = Resources/background.js; sourceTree = "<group>"; };
		643EEA33301A2C9C00C95E27 /* popup.html */ = {isa = PBXFileReference; lastKnownFileType = text.html; name = popup.html; path = Resources/popup.html; sourceTree = "<group>"; };
		643EEA34301A2C9C00C95E27 /* injected.js */ = {isa = PBXFileReference; lastKnownFileType = sourcecode.javascript; name = injected.js; path = Resources/injected.js; sourceTree = "<group>"; };
		643EEA35301A2C9C00C95E27 /* default-keywords.json */ = {isa = PBXFileReference; lastKnownFileType = text.json; name = "default-keywords.json"; path = "Resources/default-keywords.json"; sourceTree = "<group>"; };
		643EEA36301A2C9C00C95E27 /* manifest.json */ = {isa = PBXFileReference; lastKnownFileType = text.json; name = manifest.json; path = Resources/manifest.json; sourceTree = "<group>"; };
		643EEA37301A2C9C00C95E27 /* content.js */ = {isa = PBXFileReference; lastKnownFileType = sourcecode.javascript; name = content.js; path = Resources/content.js; sourceTree = "<group>"; };
		643EEA38301A2C9C00C95E27 /* api.js */ = {isa = PBXFileReference; lastKnownFileType = sourcecode.javascript; name = api.js; path = Resources/api.js; sourceTree = "<group>"; };
/* End PBXFileReference section */

/* Begin PBXFrameworksBuildPhase section */
		643EEA00301A2C9B00C95E27 /* Frameworks */ = {
			isa = PBXFrameworksBuildPhase;
			buildActionMask = 2147483647;
			files = (
			);
			runOnlyForDeploymentPostprocessing = 0;
		};
		643EEA1B301A2C9C00C95E27 /* Frameworks */ = {
			isa = PBXFrameworksBuildPhase;
			buildActionMask = 2147483647;
			files = (
			);
			runOnlyForDeploymentPostprocessing = 0;
		};
/* End PBXFrameworksBuildPhase section */

/* Begin PBXGroup section */
		643EE9FA301A2C9B00C95E27 = {
			isa = PBXGroup;
			children = (
				643EEA05301A2C9B00C95E27 /* AutoBanRobot Safari */,
				643EEA22301A2C9C00C95E27 /* AutoBanRobot Safari Extension */,
				643EEA04301A2C9B00C95E27 /* Products */,
			);
			sourceTree = "<group>";
		};
		643EEA04301A2C9B00C95E27 /* Products */ = {
			isa = PBXGroup;
			children = (
				643EEA03301A2C9B00C95E27 /* AutoBanRobot Safari.app */,
				643EEA1E301A2C9C00C95E27 /* AutoBanRobot Safari Extension.appex */,
			);
			name = Products;
			sourceTree = "<group>";
		};
		643EEA05301A2C9B00C95E27 /* AutoBanRobot Safari */ = {
			isa = PBXGroup;
			children = (
				643EEA06301A2C9B00C95E27 /* AppDelegate.swift */,
				643EEA12301A2C9B00C95E27 /* ViewController.swift */,
				643EEA14301A2C9B00C95E27 /* Main.storyboard */,
				643EEA17301A2C9C00C95E27 /* Assets.xcassets */,
				643EEA19301A2C9C00C95E27 /* Info.plist */,
				643EEA08301A2C9B00C95E27 /* Resources */,
			);
			path = "AutoBanRobot Safari";
			sourceTree = "<group>";
		};
		643EEA08301A2C9B00C95E27 /* Resources */ = {
			isa = PBXGroup;
			children = (
				643EEA09301A2C9B00C95E27 /* Main.html */,
				643EEA0C301A2C9B00C95E27 /* Icon.png */,
				643EEA0E301A2C9B00C95E27 /* Style.css */,
				643EEA10301A2C9B00C95E27 /* Script.js */,
			);
			path = Resources;
			sourceTree = "<group>";
		};
		643EEA22301A2C9C00C95E27 /* AutoBanRobot Safari Extension */ = {
			isa = PBXGroup;
			children = (
				643EEA2F301A2C9C00C95E27 /* Resources */,
				643EEA23301A2C9C00C95E27 /* SafariWebExtensionHandler.swift */,
				643EEA25301A2C9C00C95E27 /* Info.plist */,
			);
			path = "AutoBanRobot Safari Extension";
			sourceTree = "<group>";
		};
		643EEA2F301A2C9C00C95E27 /* Resources */ = {
			isa = PBXGroup;
			children = (
				643EEA30301A2C9C00C95E27 /* icon.png */,
				643EEA31301A2C9C00C95E27 /* popup.js */,
				643EEA32301A2C9C00C95E27 /* background.js */,
				643EEA33301A2C9C00C95E27 /* popup.html */,
				643EEA34301A2C9C00C95E27 /* injected.js */,
				643EEA35301A2C9C00C95E27 /* default-keywords.json */,
				643EEA36301A2C9C00C95E27 /* manifest.json */,
				643EEA37301A2C9C00C95E27 /* content.js */,
				643EEA38301A2C9C00C95E27 /* api.js */,
			);
			name = Resources;
			path = "AutoBanRobot Safari Extension";
			sourceTree = SOURCE_ROOT;
		};
/* End PBXGroup section */

/* Begin PBXNativeTarget section */
		643EEA02301A2C9B00C95E27 /* AutoBanRobot Safari */ = {
			isa = PBXNativeTarget;
			buildConfigurationList = 643EEA2C301A2C9C00C95E27 /* Build configuration list for PBXNativeTarget "AutoBanRobot Safari" */;
			buildPhases = (
				643EE9FF301A2C9B00C95E27 /* Sources */,
				643EEA00301A2C9B00C95E27 /* Frameworks */,
				643EEA01301A2C9B00C95E27 /* Resources */,
				643EEA2B301A2C9C00C95E27 /* Embed Foundation Extensions */,
			);
			buildRules = (
			);
			dependencies = (
				643EEA21301A2C9C00C95E27 /* PBXTargetDependency */,
			);
			name = "AutoBanRobot Safari";
			packageProductDependencies = (
			);
			productName = "AutoBanRobot Safari";
			productReference = 643EEA03301A2C9B00C95E27 /* AutoBanRobot Safari.app */;
			productType = "com.apple.product-type.application";
		};
		643EEA1D301A2C9C00C95E27 /* AutoBanRobot Safari Extension */ = {
			isa = PBXNativeTarget;
			buildConfigurationList = 643EEA28301A2C9C00C95E27 /* Build configuration list for PBXNativeTarget "AutoBanRobot Safari Extension" */;
			buildPhases = (
				643EEA1A301A2C9C00C95E27 /* Sources */,
				643EEA1B301A2C9C00C95E27 /* Frameworks */,
				643EEA1C301A2C9C00C95E27 /* Resources */,
			);
			buildRules = (
			);
			dependencies = (
			);
			name = "AutoBanRobot Safari Extension";
			packageProductDependencies = (
			);
			productName = "AutoBanRobot Safari Extension";
			productReference = 643EEA1E301A2C9C00C95E27 /* AutoBanRobot Safari Extension.appex */;
			productType = "com.apple.product-type.app-extension";
		};
/* End PBXNativeTarget section */

/* Begin PBXProject section */
		643EE9FB301A2C9B00C95E27 /* Project object */ = {
			isa = PBXProject;
			attributes = {
				BuildIndependentTargetsInParallel = 1;
				LastSwiftUpdateCheck = 2660;
				LastUpgradeCheck = 2660;
				TargetAttributes = {
					643EEA02301A2C9B00C95E27 = {
						CreatedOnToolsVersion = 26.6;
					};
					643EEA1D301A2C9C00C95E27 = {
						CreatedOnToolsVersion = 26.6;
					};
				};
			};
			buildConfigurationList = 643EE9FE301A2C9B00C95E27 /* Build configuration list for PBXProject "AutoBanRobot Safari" */;
			developmentRegion = en;
			hasScannedForEncodings = 0;
			knownRegions = (
				en,
				Base,
			);
			mainGroup = 643EE9FA301A2C9B00C95E27;
			minimizedProjectReferenceProxies = 1;
			preferredProjectObjectVersion = 77;
			productRefGroup = 643EEA04301A2C9B00C95E27 /* Products */;
			projectDirPath = "";
			projectRoot = "";
			targets = (
				643EEA02301A2C9B00C95E27 /* AutoBanRobot Safari */,
				643EEA1D301A2C9C00C95E27 /* AutoBanRobot Safari Extension */,
			);
		};
/* End PBXProject section */

/* Begin PBXResourcesBuildPhase section */
		643EEA01301A2C9B00C95E27 /* Resources */ = {
			isa = PBXResourcesBuildPhase;
			buildActionMask = 2147483647;
			files = (
				643EEA0D301A2C9B00C95E27 /* Icon.png in Resources */,
				643EEA16301A2C9B00C95E27 /* Main.storyboard in Resources */,
				643EEA11301A2C9B00C95E27 /* Script.js in Resources */,
				643EEA0B301A2C9B00C95E27 /* Main.html in Resources */,
				643EEA18301A2C9C00C95E27 /* Assets.xcassets in Resources */,
				643EEA0F301A2C9B00C95E27 /* Style.css in Resources */,
			);
			runOnlyForDeploymentPostprocessing = 0;
		};
		643EEA1C301A2C9C00C95E27 /* Resources */ = {
			isa = PBXResourcesBuildPhase;
			buildActionMask = 2147483647;
			files = (
				643EEA40301A2C9C00C95E27 /* content.js in Resources */,
				643EEA39301A2C9C00C95E27 /* icon.png in Resources */,
				643EEA41301A2C9C00C95E27 /* api.js in Resources */,
				643EEA3F301A2C9C00C95E27 /* manifest.json in Resources */,
				643EEA3D301A2C9C00C95E27 /* injected.js in Resources */,
				643EEA3C301A2C9C00C95E27 /* popup.html in Resources */,
				643EEA3B301A2C9C00C95E27 /* background.js in Resources */,
				643EEA3A301A2C9C00C95E27 /* popup.js in Resources */,
				643EEA3E301A2C9C00C95E27 /* default-keywords.json in Resources */,
			);
			runOnlyForDeploymentPostprocessing = 0;
		};
/* End PBXResourcesBuildPhase section */

/* Begin PBXSourcesBuildPhase section */
		643EE9FF301A2C9B00C95E27 /* Sources */ = {
			isa = PBXSourcesBuildPhase;
			buildActionMask = 2147483647;
			files = (
				643EEA13301A2C9B00C95E27 /* ViewController.swift in Sources */,
				643EEA07301A2C9B00C95E27 /* AppDelegate.swift in Sources */,
			);
			runOnlyForDeploymentPostprocessing = 0;
		};
		643EEA1A301A2C9C00C95E27 /* Sources */ = {
			isa = PBXSourcesBuildPhase;
			buildActionMask = 2147483647;
			files = (
				643EEA24301A2C9C00C95E27 /* SafariWebExtensionHandler.swift in Sources */,
			);
			runOnlyForDeploymentPostprocessing = 0;
		};
/* End PBXSourcesBuildPhase section */

/* Begin PBXTargetDependency section */
		643EEA21301A2C9C00C95E27 /* PBXTargetDependency */ = {
			isa = PBXTargetDependency;
			target = 643EEA1D301A2C9C00C95E27 /* AutoBanRobot Safari Extension */;
			targetProxy = 643EEA20301A2C9C00C95E27 /* PBXContainerItemProxy */;
		};
/* End PBXTargetDependency section */

/* Begin PBXVariantGroup section */
		643EEA09301A2C9B00C95E27 /* Main.html */ = {
			isa = PBXVariantGroup;
			children = (
				643EEA0A301A2C9B00C95E27 /* Base */,
			);
			name = Main.html;
			sourceTree = "<group>";
		};
		643EEA14301A2C9B00C95E27 /* Main.storyboard */ = {
			isa = PBXVariantGroup;
			children = (
				643EEA15301A2C9B00C95E27 /* Base */,
			);
			name = Main.storyboard;
			sourceTree = "<group>";
		};
/* End PBXVariantGroup section */

/* Begin XCBuildConfiguration section */
		643EEA26301A2C9C00C95E27 /* Debug */ = {
			isa = XCBuildConfiguration;
			buildSettings = {
				ALWAYS_SEARCH_USER_PATHS = NO;
				ASSETCATALOG_COMPILER_GENERATE_SWIFT_ASSET_SYMBOL_EXTENSIONS = YES;
				CLANG_ANALYZER_NONNULL = YES;
				CLANG_ANALYZER_NUMBER_OBJECT_CONVERSION = YES_AGGRESSIVE;
				CLANG_CXX_LANGUAGE_STANDARD = "gnu++20";
				CLANG_ENABLE_MODULES = YES;
				CLANG_ENABLE_OBJC_ARC = YES;
				CLANG_ENABLE_OBJC_WEAK = YES;
				CLANG_WARN_BLOCK_CAPTURE_AUTORELEASING = YES;
				CLANG_WARN_BOOL_CONVERSION = YES;
				CLANG_WARN_COMMA = YES;
				CLANG_WARN_CONSTANT_CONVERSION = YES;
				CLANG_WARN_DEPRECATED_OBJC_IMPLEMENTATIONS = YES;
				CLANG_WARN_DIRECT_OBJC_ISA_USAGE = YES_ERROR;
				CLANG_WARN_DOCUMENTATION_COMMENTS = YES;
				CLANG_WARN_EMPTY_BODY = YES;
				CLANG_WARN_ENUM_CONVERSION = YES;
				CLANG_WARN_INFINITE_RECURSION = YES;
				CLANG_WARN_INT_CONVERSION = YES;
				CLANG_WARN_NON_LITERAL_NULL_CONVERSION = YES;
				CLANG_WARN_OBJC_IMPLICIT_RETAIN_SELF = YES;
				CLANG_WARN_OBJC_LITERAL_CONVERSION = YES;
				CLANG_WARN_OBJC_ROOT_CLASS = YES_ERROR;
				CLANG_WARN_QUOTED_INCLUDE_IN_FRAMEWORK_HEADER = YES;
				CLANG_WARN_RANGE_LOOP_ANALYSIS = YES;
				CLANG_WARN_STRICT_PROTOTYPES = YES;
				CLANG_WARN_SUSPICIOUS_MOVE = YES;
				CLANG_WARN_UNGUARDED_AVAILABILITY = YES_AGGRESSIVE;
				CLANG_WARN_UNREACHABLE_CODE = YES;
				CLANG_WARN__DUPLICATE_METHOD_MATCH = YES;
				COPY_PHASE_STRIP = NO;
				DEBUG_INFORMATION_FORMAT = dwarf;
				ENABLE_STRICT_OBJC_MSGSEND = YES;
				ENABLE_TESTABILITY = YES;
				ENABLE_USER_SCRIPT_SANDBOXING = YES;
				GCC_C_LANGUAGE_STANDARD = gnu17;
				GCC_DYNAMIC_NO_PIC = NO;
				GCC_NO_COMMON_BLOCKS = YES;
				GCC_OPTIMIZATION_LEVEL = 0;
				GCC_PREPROCESSOR_DEFINITIONS = (
					"DEBUG=1",
					"$(inherited)",
				);
				GCC_WARN_64_TO_32_BIT_CONVERSION = YES;
				GCC_WARN_ABOUT_RETURN_TYPE = YES_ERROR;
				GCC_WARN_UNDECLARED_SELECTOR = YES;
				GCC_WARN_UNINITIALIZED_AUTOS = YES_AGGRESSIVE;
				GCC_WARN_UNUSED_FUNCTION = YES;
				GCC_WARN_UNUSED_VARIABLE = YES;
				LOCALIZATION_PREFERS_STRING_CATALOGS = YES;
				MACOSX_DEPLOYMENT_TARGET = 26.5;
				MTL_ENABLE_DEBUG_INFO = INCLUDE_SOURCE;
				MTL_FAST_MATH = YES;
				ONLY_ACTIVE_ARCH = YES;
				SDKROOT = macosx;
				SWIFT_ACTIVE_COMPILATION_CONDITIONS = "DEBUG $(inherited)";
				SWIFT_OPTIMIZATION_LEVEL = "-Onone";
			};
			name = Debug;
		};
		643EEA27301A2C9C00C95E27 /* Release */ = {
			isa = XCBuildConfiguration;
			buildSettings = {
				ALWAYS_SEARCH_USER_PATHS = NO;
				ASSETCATALOG_COMPILER_GENERATE_SWIFT_ASSET_SYMBOL_EXTENSIONS = YES;
				CLANG_ANALYZER_NONNULL = YES;
				CLANG_ANALYZER_NUMBER_OBJECT_CONVERSION = YES_AGGRESSIVE;
				CLANG_CXX_LANGUAGE_STANDARD = "gnu++20";
				CLANG_ENABLE_MODULES = YES;
				CLANG_ENABLE_OBJC_ARC = YES;
				CLANG_ENABLE_OBJC_WEAK = YES;
				CLANG_WARN_BLOCK_CAPTURE_AUTORELEASING = YES;
				CLANG_WARN_BOOL_CONVERSION = YES;
				CLANG_WARN_COMMA = YES;
				CLANG_WARN_CONSTANT_CONVERSION = YES;
				CLANG_WARN_DEPRECATED_OBJC_IMPLEMENTATIONS = YES;
				CLANG_WARN_DIRECT_OBJC_ISA_USAGE = YES_ERROR;
				CLANG_WARN_DOCUMENTATION_COMMENTS = YES;
				CLANG_WARN_EMPTY_BODY = YES;
				CLANG_WARN_ENUM_CONVERSION = YES;
				CLANG_WARN_INFINITE_RECURSION = YES;
				CLANG_WARN_INT_CONVERSION = YES;
				CLANG_WARN_NON_LITERAL_NULL_CONVERSION = YES;
				CLANG_WARN_OBJC_IMPLICIT_RETAIN_SELF = YES;
				CLANG_WARN_OBJC_LITERAL_CONVERSION = YES;
				CLANG_WARN_OBJC_ROOT_CLASS = YES_ERROR;
				CLANG_WARN_QUOTED_INCLUDE_IN_FRAMEWORK_HEADER = YES;
				CLANG_WARN_RANGE_LOOP_ANALYSIS = YES;
				CLANG_WARN_STRICT_PROTOTYPES = YES;
				CLANG_WARN_SUSPICIOUS_MOVE = YES;
				CLANG_WARN_UNGUARDED_AVAILABILITY = YES_AGGRESSIVE;
				CLANG_WARN_UNREACHABLE_CODE = YES;
				CLANG_WARN__DUPLICATE_METHOD_MATCH = YES;
				COPY_PHASE_STRIP = NO;
				DEBUG_INFORMATION_FORMAT = "dwarf-with-dsym";
				ENABLE_NS_ASSERTIONS = NO;
				ENABLE_STRICT_OBJC_MSGSEND = YES;
				ENABLE_USER_SCRIPT_SANDBOXING = YES;
				GCC_C_LANGUAGE_STANDARD = gnu17;
				GCC_NO_COMMON_BLOCKS = YES;
				GCC_WARN_64_TO_32_BIT_CONVERSION = YES;
				GCC_WARN_ABOUT_RETURN_TYPE = YES_ERROR;
				GCC_WARN_UNDECLARED_SELECTOR = YES;
				GCC_WARN_UNINITIALIZED_AUTOS = YES_AGGRESSIVE;
				GCC_WARN_UNUSED_FUNCTION = YES;
				GCC_WARN_UNUSED_VARIABLE = YES;
				LOCALIZATION_PREFERS_STRING_CATALOGS = YES;
				MACOSX_DEPLOYMENT_TARGET = 26.5;
				MTL_ENABLE_DEBUG_INFO = NO;
				MTL_FAST_MATH = YES;
				SDKROOT = macosx;
				SWIFT_COMPILATION_MODE = wholemodule;
			};
			name = Release;
		};
		643EEA29301A2C9C00C95E27 /* Debug */ = {
			isa = XCBuildConfiguration;
			buildSettings = {
				CODE_SIGN_STYLE = Automatic;
				CURRENT_PROJECT_VERSION = 1;
				ENABLE_APP_SANDBOX = YES;
				ENABLE_HARDENED_RUNTIME = YES;
				ENABLE_USER_SELECTED_FILES = readonly;
				GENERATE_INFOPLIST_FILE = YES;
				INFOPLIST_FILE = "AutoBanRobot Safari Extension/Info.plist";
				INFOPLIST_KEY_CFBundleDisplayName = "AutoBanRobot Safari Extension";
				INFOPLIST_KEY_NSHumanReadableCopyright = "";
				LD_RUNPATH_SEARCH_PATHS = (
					"$(inherited)",
					"@executable_path/../Frameworks",
					"@executable_path/../../../../Frameworks",
				);
				MACOSX_DEPLOYMENT_TARGET = 10.14;
				MARKETING_VERSION = 1.0;
				OTHER_LDFLAGS = (
					"-framework",
					SafariServices,
				);
				PRODUCT_BUNDLE_IDENTIFIER = com.serenamustrich.autobanrobot.safari.Extension;
				PRODUCT_NAME = "$(TARGET_NAME)";
				SKIP_INSTALL = YES;
				STRING_CATALOG_GENERATE_SYMBOLS = YES;
				SWIFT_APPROACHABLE_CONCURRENCY = YES;
				SWIFT_EMIT_LOC_STRINGS = YES;
				SWIFT_UPCOMING_FEATURE_MEMBER_IMPORT_VISIBILITY = YES;
				SWIFT_VERSION = 5.0;
			};
			name = Debug;
		};
		643EEA2A301A2C9C00C95E27 /* Release */ = {
			isa = XCBuildConfiguration;
			buildSettings = {
				CODE_SIGN_STYLE = Automatic;
				CURRENT_PROJECT_VERSION = 1;
				ENABLE_APP_SANDBOX = YES;
				ENABLE_HARDENED_RUNTIME = YES;
				ENABLE_USER_SELECTED_FILES = readonly;
				GENERATE_INFOPLIST_FILE = YES;
				INFOPLIST_FILE = "AutoBanRobot Safari Extension/Info.plist";
				INFOPLIST_KEY_CFBundleDisplayName = "AutoBanRobot Safari Extension";
				INFOPLIST_KEY_NSHumanReadableCopyright = "";
				LD_RUNPATH_SEARCH_PATHS = (
					"$(inherited)",
					"@executable_path/../Frameworks",
					"@executable_path/../../../../Frameworks",
				);
				MACOSX_DEPLOYMENT_TARGET = 10.14;
				MARKETING_VERSION = 1.0;
				OTHER_LDFLAGS = (
					"-framework",
					SafariServices,
				);
				PRODUCT_BUNDLE_IDENTIFIER = com.serenamustrich.autobanrobot.safari.Extension;
				PRODUCT_NAME = "$(TARGET_NAME)";
				SKIP_INSTALL = YES;
				STRING_CATALOG_GENERATE_SYMBOLS = YES;
				SWIFT_APPROACHABLE_CONCURRENCY = YES;
				SWIFT_EMIT_LOC_STRINGS = YES;
				SWIFT_UPCOMING_FEATURE_MEMBER_IMPORT_VISIBILITY = YES;
				SWIFT_VERSION = 5.0;
			};
			name = Release;
		};
		643EEA2D301A2C9C00C95E27 /* Debug */ = {
			isa = XCBuildConfiguration;
			buildSettings = {
				ASSETCATALOG_COMPILER_APPICON_NAME = AppIcon;
				ASSETCATALOG_COMPILER_GLOBAL_ACCENT_COLOR_NAME = AccentColor;
				CODE_SIGN_STYLE = Automatic;
				COMBINE_HIDPI_IMAGES = YES;
				CURRENT_PROJECT_VERSION = 1;
				ENABLE_APP_SANDBOX = YES;
				ENABLE_HARDENED_RUNTIME = YES;
				ENABLE_OUTGOING_NETWORK_CONNECTIONS = YES;
				ENABLE_USER_SELECTED_FILES = readonly;
				GENERATE_INFOPLIST_FILE = YES;
				INFOPLIST_FILE = "AutoBanRobot Safari/Info.plist";
				INFOPLIST_KEY_CFBundleDisplayName = "AutoBanRobot Safari";
				INFOPLIST_KEY_NSHumanReadableCopyright = "";
				INFOPLIST_KEY_NSMainStoryboardFile = Main;
				INFOPLIST_KEY_NSPrincipalClass = NSApplication;
				LD_RUNPATH_SEARCH_PATHS = (
					"$(inherited)",
					"@executable_path/../Frameworks",
				);
				MARKETING_VERSION = 1.0;
				OTHER_LDFLAGS = (
					"-framework",
					SafariServices,
					"-framework",
					WebKit,
				);
				PRODUCT_BUNDLE_IDENTIFIER = "com.serenamustrich.autobanrobot.safari";
				PRODUCT_NAME = "$(TARGET_NAME)";
				REGISTER_APP_GROUPS = YES;
				STRING_CATALOG_GENERATE_SYMBOLS = YES;
				SWIFT_APPROACHABLE_CONCURRENCY = YES;
				SWIFT_DEFAULT_ACTOR_ISOLATION = MainActor;
				SWIFT_EMIT_LOC_STRINGS = YES;
				SWIFT_UPCOMING_FEATURE_MEMBER_IMPORT_VISIBILITY = YES;
				SWIFT_VERSION = 5.0;
			};
			name = Debug;
		};
		643EEA2E301A2C9C00C95E27 /* Release */ = {
			isa = XCBuildConfiguration;
			buildSettings = {
				ASSETCATALOG_COMPILER_APPICON_NAME = AppIcon;
				ASSETCATALOG_COMPILER_GLOBAL_ACCENT_COLOR_NAME = AccentColor;
				CODE_SIGN_STYLE = Automatic;
				COMBINE_HIDPI_IMAGES = YES;
				CURRENT_PROJECT_VERSION = 1;
				ENABLE_APP_SANDBOX = YES;
				ENABLE_HARDENED_RUNTIME = YES;
				ENABLE_OUTGOING_NETWORK_CONNECTIONS = YES;
				ENABLE_USER_SELECTED_FILES = readonly;
				GENERATE_INFOPLIST_FILE = YES;
				INFOPLIST_FILE = "AutoBanRobot Safari/Info.plist";
				INFOPLIST_KEY_CFBundleDisplayName = "AutoBanRobot Safari";
				INFOPLIST_KEY_NSHumanReadableCopyright = "";
				INFOPLIST_KEY_NSMainStoryboardFile = Main;
				INFOPLIST_KEY_NSPrincipalClass = NSApplication;
				LD_RUNPATH_SEARCH_PATHS = (
					"$(inherited)",
					"@executable_path/../Frameworks",
				);
				MARKETING_VERSION = 1.0;
				OTHER_LDFLAGS = (
					"-framework",
					SafariServices,
					"-framework",
					WebKit,
				);
				PRODUCT_BUNDLE_IDENTIFIER = "com.serenamustrich.autobanrobot.safari";
				PRODUCT_NAME = "$(TARGET_NAME)";
				REGISTER_APP_GROUPS = YES;
				STRING_CATALOG_GENERATE_SYMBOLS = YES;
				SWIFT_APPROACHABLE_CONCURRENCY = YES;
				SWIFT_DEFAULT_ACTOR_ISOLATION = MainActor;
				SWIFT_EMIT_LOC_STRINGS = YES;
				SWIFT_UPCOMING_FEATURE_MEMBER_IMPORT_VISIBILITY = YES;
				SWIFT_VERSION = 5.0;
			};
			name = Release;
		};
/* End XCBuildConfiguration section */

/* Begin XCConfigurationList section */
		643EE9FE301A2C9B00C95E27 /* Build configuration list for PBXProject "AutoBanRobot Safari" */ = {
			isa = XCConfigurationList;
			buildConfigurations = (
				643EEA26301A2C9C00C95E27 /* Debug */,
				643EEA27301A2C9C00C95E27 /* Release */,
			);
			defaultConfigurationIsVisible = 0;
			defaultConfigurationName = Release;
		};
		643EEA28301A2C9C00C95E27 /* Build configuration list for PBXNativeTarget "AutoBanRobot Safari Extension" */ = {
			isa = XCConfigurationList;
			buildConfigurations = (
				643EEA29301A2C9C00C95E27 /* Debug */,
				643EEA2A301A2C9C00C95E27 /* Release */,
			);
			defaultConfigurationIsVisible = 0;
			defaultConfigurationName = Release;
		};
		643EEA2C301A2C9C00C95E27 /* Build configuration list for PBXNativeTarget "AutoBanRobot Safari" */ = {
			isa = XCConfigurationList;
			buildConfigurations = (
				643EEA2D301A2C9C00C95E27 /* Debug */,
				643EEA2E301A2C9C00C95E27 /* Release */,
			);
			defaultConfigurationIsVisible = 0;
			defaultConfigurationName = Release;
		};
/* End XCConfigurationList section */
	};
	rootObject = 643EE9FB301A2C9B00C95E27 /* Project object */;
}
