// !$*UTF8*$!
{
	archiveVersion = 1;
	classes = {
	};
	objectVersion = 77;
	objects = {

/* Begin PBXBuildFile section */
		640F413D301C5D4700BD5F93 /* AppDelegate.swift in Sources */ = {isa = PBXBuildFile; fileRef = 640F413C301C5D4700BD5F93 /* AppDelegate.swift */; };
		640F4141301C5D4700BD5F93 /* Main.html in Resources */ = {isa = PBXBuildFile; fileRef = 640F413F301C5D4700BD5F93 /* Main.html */; };
		640F4143301C5D4700BD5F93 /* Icon.png in Resources */ = {isa = PBXBuildFile; fileRef = 640F4142301C5D4700BD5F93 /* Icon.png */; };
		640F4145301C5D4700BD5F93 /* Style.css in Resources */ = {isa = PBXBuildFile; fileRef = 640F4144301C5D4700BD5F93 /* Style.css */; };
		640F4147301C5D4700BD5F93 /* Script.js in Resources */ = {isa = PBXBuildFile; fileRef = 640F4146301C5D4700BD5F93 /* Script.js */; };
		640F4149301C5D4700BD5F93 /* ViewController.swift in Sources */ = {isa = PBXBuildFile; fileRef = 640F4148301C5D4700BD5F93 /* ViewController.swift */; };
		640F414C301C5D4700BD5F93 /* Main.storyboard in Resources */ = {isa = PBXBuildFile; fileRef = 640F414A301C5D4700BD5F93 /* Main.storyboard */; };
		640F414E301C5D4800BD5F93 /* Assets.xcassets in Resources */ = {isa = PBXBuildFile; fileRef = 640F414D301C5D4800BD5F93 /* Assets.xcassets */; };
		640F4155301C5D4800BD5F93 /* AutoBanRobot Safari Extension.appex in Embed Foundation Extensions */ = {isa = PBXBuildFile; fileRef = 640F4154301C5D4800BD5F93 /* AutoBanRobot Safari Extension.appex */; settings = {ATTRIBUTES = (RemoveHeadersOnCopy, ); }; };
		640F415A301C5D4800BD5F93 /* SafariWebExtensionHandler.swift in Sources */ = {isa = PBXBuildFile; fileRef = 640F4159301C5D4800BD5F93 /* SafariWebExtensionHandler.swift */; };
		640F416F301C5D4800BD5F93 /* icon.png in Resources */ = {isa = PBXBuildFile; fileRef = 640F4166301C5D4800BD5F93 /* icon.png */; };
		640F4170301C5D4800BD5F93 /* popup.js in Resources */ = {isa = PBXBuildFile; fileRef = 640F4167301C5D4800BD5F93 /* popup.js */; };
		640F4171301C5D4800BD5F93 /* background.js in Resources */ = {isa = PBXBuildFile; fileRef = 640F4168301C5D4800BD5F93 /* background.js */; };
		640F4172301C5D4800BD5F93 /* popup.html in Resources */ = {isa = PBXBuildFile; fileRef = 640F4169301C5D4800BD5F93 /* popup.html */; };
		640F4173301C5D4800BD5F93 /* injected.js in Resources */ = {isa = PBXBuildFile; fileRef = 640F416A301C5D4800BD5F93 /* injected.js */; };
		640F4174301C5D4800BD5F93 /* default-keywords.json in Resources */ = {isa = PBXBuildFile; fileRef = 640F416B301C5D4800BD5F93 /* default-keywords.json */; };
		640F4175301C5D4800BD5F93 /* manifest.json in Resources */ = {isa = PBXBuildFile; fileRef = 640F416C301C5D4800BD5F93 /* manifest.json */; };
		640F4176301C5D4800BD5F93 /* content.js in Resources */ = {isa = PBXBuildFile; fileRef = 640F416D301C5D4800BD5F93 /* content.js */; };
		640F4177301C5D4800BD5F93 /* api.js in Resources */ = {isa = PBXBuildFile; fileRef = 640F416E301C5D4800BD5F93 /* api.js */; };
/* End PBXBuildFile section */

/* Begin PBXContainerItemProxy section */
		640F4156301C5D4800BD5F93 /* PBXContainerItemProxy */ = {
			isa = PBXContainerItemProxy;
			containerPortal = 640F4131301C5D4700BD5F93 /* Project object */;
			proxyType = 1;
			remoteGlobalIDString = 640F4153301C5D4800BD5F93;
			remoteInfo = "AutoBanRobot Safari Extension";
		};
/* End PBXContainerItemProxy section */

/* Begin PBXCopyFilesBuildPhase section */
		640F4161301C5D4800BD5F93 /* Embed Foundation Extensions */ = {
			isa = PBXCopyFilesBuildPhase;
			buildActionMask = 2147483647;
			dstPath = "";
			dstSubfolderSpec = 13;
			files = (
				640F4155301C5D4800BD5F93 /* AutoBanRobot Safari Extension.appex in Embed Foundation Extensions */,
			);
			name = "Embed Foundation Extensions";
			runOnlyForDeploymentPostprocessing = 0;
		};
/* End PBXCopyFilesBuildPhase section */

/* Begin PBXFileReference section */
		640F4139301C5D4700BD5F93 /* AutoBanRobot Safari.app */ = {isa = PBXFileReference; explicitFileType = wrapper.application; includeInIndex = 0; path = "AutoBanRobot Safari.app"; sourceTree = BUILT_PRODUCTS_DIR; };
		640F413C301C5D4700BD5F93 /* AppDelegate.swift */ = {isa = PBXFileReference; lastKnownFileType = sourcecode.swift; path = AppDelegate.swift; sourceTree = "<group>"; };
		640F4140301C5D4700BD5F93 /* Base */ = {isa = PBXFileReference; lastKnownFileType = text.html; name = Base; path = Base.lproj/Main.html; sourceTree = "<group>"; };
		640F4142301C5D4700BD5F93 /* Icon.png */ = {isa = PBXFileReference; lastKnownFileType = image.png; path = Icon.png; sourceTree = "<group>"; };
		640F4144301C5D4700BD5F93 /* Style.css */ = {isa = PBXFileReference; lastKnownFileType = text.css; path = Style.css; sourceTree = "<group>"; };
		640F4146301C5D4700BD5F93 /* Script.js */ = {isa = PBXFileReference; lastKnownFileType = sourcecode.javascript; path = Script.js; sourceTree = "<group>"; };
		640F4148301C5D4700BD5F93 /* ViewController.swift */ = {isa = PBXFileReference; lastKnownFileType = sourcecode.swift; path = ViewController.swift; sourceTree = "<group>"; };
		640F414B301C5D4700BD5F93 /* Base */ = {isa = PBXFileReference; lastKnownFileType = file.storyboard; name = Base; path = Base.lproj/Main.storyboard; sourceTree = "<group>"; };
		640F414D301C5D4800BD5F93 /* Assets.xcassets */ = {isa = PBXFileReference; lastKnownFileType = folder.assetcatalog; path = Assets.xcassets; sourceTree = "<group>"; };
		640F414F301C5D4800BD5F93 /* Info.plist */ = {isa = PBXFileReference; lastKnownFileType = text.plist.xml; path = Info.plist; sourceTree = "<group>"; };
		640F4154301C5D4800BD5F93 /* AutoBanRobot Safari Extension.appex */ = {isa = PBXFileReference; explicitFileType = "wrapper.app-extension"; includeInIndex = 0; path = "AutoBanRobot Safari Extension.appex"; sourceTree = BUILT_PRODUCTS_DIR; };
		640F4159301C5D4800BD5F93 /* SafariWebExtensionHandler.swift */ = {isa = PBXFileReference; lastKnownFileType = sourcecode.swift; path = SafariWebExtensionHandler.swift; sourceTree = "<group>"; };
		640F415B301C5D4800BD5F93 /* Info.plist */ = {isa = PBXFileReference; lastKnownFileType = text.plist.xml; path = Info.plist; sourceTree = "<group>"; };
		640F4166301C5D4800BD5F93 /* icon.png */ = {isa = PBXFileReference; lastKnownFileType = image.png; name = icon.png; path = Resources/icon.png; sourceTree = "<group>"; };
		640F4167301C5D4800BD5F93 /* popup.js */ = {isa = PBXFileReference; lastKnownFileType = sourcecode.javascript; name = popup.js; path = Resources/popup.js; sourceTree = "<group>"; };
		640F4168301C5D4800BD5F93 /* background.js */ = {isa = PBXFileReference; lastKnownFileType = sourcecode.javascript; name = background.js; path = Resources/background.js; sourceTree = "<group>"; };
		640F4169301C5D4800BD5F93 /* popup.html */ = {isa = PBXFileReference; lastKnownFileType = text.html; name = popup.html; path = Resources/popup.html; sourceTree = "<group>"; };
		640F416A301C5D4800BD5F93 /* injected.js */ = {isa = PBXFileReference; lastKnownFileType = sourcecode.javascript; name = injected.js; path = Resources/injected.js; sourceTree = "<group>"; };
		640F416B301C5D4800BD5F93 /* default-keywords.json */ = {isa = PBXFileReference; lastKnownFileType = text.json; name = "default-keywords.json"; path = "Resources/default-keywords.json"; sourceTree = "<group>"; };
		640F416C301C5D4800BD5F93 /* manifest.json */ = {isa = PBXFileReference; lastKnownFileType = text.json; name = manifest.json; path = Resources/manifest.json; sourceTree = "<group>"; };
		640F416D301C5D4800BD5F93 /* content.js */ = {isa = PBXFileReference; lastKnownFileType = sourcecode.javascript; name = content.js; path = Resources/content.js; sourceTree = "<group>"; };
		640F416E301C5D4800BD5F93 /* api.js */ = {isa = PBXFileReference; lastKnownFileType = sourcecode.javascript; name = api.js; path = Resources/api.js; sourceTree = "<group>"; };
/* End PBXFileReference section */

/* Begin PBXFrameworksBuildPhase section */
		640F4136301C5D4700BD5F93 /* Frameworks */ = {
			isa = PBXFrameworksBuildPhase;
			buildActionMask = 2147483647;
			files = (
			);
			runOnlyForDeploymentPostprocessing = 0;
		};
		640F4151301C5D4800BD5F93 /* Frameworks */ = {
			isa = PBXFrameworksBuildPhase;
			buildActionMask = 2147483647;
			files = (
			);
			runOnlyForDeploymentPostprocessing = 0;
		};
/* End PBXFrameworksBuildPhase section */

/* Begin PBXGroup section */
		640F4130301C5D4700BD5F93 = {
			isa = PBXGroup;
			children = (
				640F413B301C5D4700BD5F93 /* AutoBanRobot Safari */,
				640F4158301C5D4800BD5F93 /* AutoBanRobot Safari Extension */,
				640F413A301C5D4700BD5F93 /* Products */,
			);
			sourceTree = "<group>";
		};
		640F413A301C5D4700BD5F93 /* Products */ = {
			isa = PBXGroup;
			children = (
				640F4139301C5D4700BD5F93 /* AutoBanRobot Safari.app */,
				640F4154301C5D4800BD5F93 /* AutoBanRobot Safari Extension.appex */,
			);
			name = Products;
			sourceTree = "<group>";
		};
		640F413B301C5D4700BD5F93 /* AutoBanRobot Safari */ = {
			isa = PBXGroup;
			children = (
				640F413C301C5D4700BD5F93 /* AppDelegate.swift */,
				640F4148301C5D4700BD5F93 /* ViewController.swift */,
				640F414A301C5D4700BD5F93 /* Main.storyboard */,
				640F414D301C5D4800BD5F93 /* Assets.xcassets */,
				640F414F301C5D4800BD5F93 /* Info.plist */,
				640F413E301C5D4700BD5F93 /* Resources */,
			);
			path = "AutoBanRobot Safari";
			sourceTree = "<group>";
		};
		640F413E301C5D4700BD5F93 /* Resources */ = {
			isa = PBXGroup;
			children = (
				640F413F301C5D4700BD5F93 /* Main.html */,
				640F4142301C5D4700BD5F93 /* Icon.png */,
				640F4144301C5D4700BD5F93 /* Style.css */,
				640F4146301C5D4700BD5F93 /* Script.js */,
			);
			path = Resources;
			sourceTree = "<group>";
		};
		640F4158301C5D4800BD5F93 /* AutoBanRobot Safari Extension */ = {
			isa = PBXGroup;
			children = (
				640F4165301C5D4800BD5F93 /* Resources */,
				640F4159301C5D4800BD5F93 /* SafariWebExtensionHandler.swift */,
				640F415B301C5D4800BD5F93 /* Info.plist */,
			);
			path = "AutoBanRobot Safari Extension";
			sourceTree = "<group>";
		};
		640F4165301C5D4800BD5F93 /* Resources */ = {
			isa = PBXGroup;
			children = (
				640F4166301C5D4800BD5F93 /* icon.png */,
				640F4167301C5D4800BD5F93 /* popup.js */,
				640F4168301C5D4800BD5F93 /* background.js */,
				640F4169301C5D4800BD5F93 /* popup.html */,
				640F416A301C5D4800BD5F93 /* injected.js */,
				640F416B301C5D4800BD5F93 /* default-keywords.json */,
				640F416C301C5D4800BD5F93 /* manifest.json */,
				640F416D301C5D4800BD5F93 /* content.js */,
				640F416E301C5D4800BD5F93 /* api.js */,
			);
			name = Resources;
			path = "AutoBanRobot Safari Extension";
			sourceTree = SOURCE_ROOT;
		};
/* End PBXGroup section */

/* Begin PBXNativeTarget section */
		640F4138301C5D4700BD5F93 /* AutoBanRobot Safari */ = {
			isa = PBXNativeTarget;
			buildConfigurationList = 640F4162301C5D4800BD5F93 /* Build configuration list for PBXNativeTarget "AutoBanRobot Safari" */;
			buildPhases = (
				640F4135301C5D4700BD5F93 /* Sources */,
				640F4136301C5D4700BD5F93 /* Frameworks */,
				640F4137301C5D4700BD5F93 /* Resources */,
				640F4161301C5D4800BD5F93 /* Embed Foundation Extensions */,
			);
			buildRules = (
			);
			dependencies = (
				640F4157301C5D4800BD5F93 /* PBXTargetDependency */,
			);
			name = "AutoBanRobot Safari";
			packageProductDependencies = (
			);
			productName = "AutoBanRobot Safari";
			productReference = 640F4139301C5D4700BD5F93 /* AutoBanRobot Safari.app */;
			productType = "com.apple.product-type.application";
		};
		640F4153301C5D4800BD5F93 /* AutoBanRobot Safari Extension */ = {
			isa = PBXNativeTarget;
			buildConfigurationList = 640F415E301C5D4800BD5F93 /* Build configuration list for PBXNativeTarget "AutoBanRobot Safari Extension" */;
			buildPhases = (
				640F4150301C5D4800BD5F93 /* Sources */,
				640F4151301C5D4800BD5F93 /* Frameworks */,
				640F4152301C5D4800BD5F93 /* Resources */,
			);
			buildRules = (
			);
			dependencies = (
			);
			name = "AutoBanRobot Safari Extension";
			packageProductDependencies = (
			);
			productName = "AutoBanRobot Safari Extension";
			productReference = 640F4154301C5D4800BD5F93 /* AutoBanRobot Safari Extension.appex */;
			productType = "com.apple.product-type.app-extension";
		};
/* End PBXNativeTarget section */

/* Begin PBXProject section */
		640F4131301C5D4700BD5F93 /* Project object */ = {
			isa = PBXProject;
			attributes = {
				BuildIndependentTargetsInParallel = 1;
				LastSwiftUpdateCheck = 2660;
				LastUpgradeCheck = 2660;
				TargetAttributes = {
					640F4138301C5D4700BD5F93 = {
						CreatedOnToolsVersion = 26.6;
					};
					640F4153301C5D4800BD5F93 = {
						CreatedOnToolsVersion = 26.6;
					};
				};
			};
			buildConfigurationList = 640F4134301C5D4700BD5F93 /* Build configuration list for PBXProject "AutoBanRobot Safari" */;
			developmentRegion = en;
			hasScannedForEncodings = 0;
			knownRegions = (
				en,
				Base,
			);
			mainGroup = 640F4130301C5D4700BD5F93;
			minimizedProjectReferenceProxies = 1;
			preferredProjectObjectVersion = 77;
			productRefGroup = 640F413A301C5D4700BD5F93 /* Products */;
			projectDirPath = "";
			projectRoot = "";
			targets = (
				640F4138301C5D4700BD5F93 /* AutoBanRobot Safari */,
				640F4153301C5D4800BD5F93 /* AutoBanRobot Safari Extension */,
			);
		};
/* End PBXProject section */

/* Begin PBXResourcesBuildPhase section */
		640F4137301C5D4700BD5F93 /* Resources */ = {
			isa = PBXResourcesBuildPhase;
			buildActionMask = 2147483647;
			files = (
				640F4143301C5D4700BD5F93 /* Icon.png in Resources */,
				640F414C301C5D4700BD5F93 /* Main.storyboard in Resources */,
				640F4147301C5D4700BD5F93 /* Script.js in Resources */,
				640F4141301C5D4700BD5F93 /* Main.html in Resources */,
				640F414E301C5D4800BD5F93 /* Assets.xcassets in Resources */,
				640F4145301C5D4700BD5F93 /* Style.css in Resources */,
			);
			runOnlyForDeploymentPostprocessing = 0;
		};
		640F4152301C5D4800BD5F93 /* Resources */ = {
			isa = PBXResourcesBuildPhase;
			buildActionMask = 2147483647;
			files = (
				640F4176301C5D4800BD5F93 /* content.js in Resources */,
				640F416F301C5D4800BD5F93 /* icon.png in Resources */,
				640F4177301C5D4800BD5F93 /* api.js in Resources */,
				640F4175301C5D4800BD5F93 /* manifest.json in Resources */,
				640F4173301C5D4800BD5F93 /* injected.js in Resources */,
				640F4172301C5D4800BD5F93 /* popup.html in Resources */,
				640F4171301C5D4800BD5F93 /* background.js in Resources */,
				640F4170301C5D4800BD5F93 /* popup.js in Resources */,
				640F4174301C5D4800BD5F93 /* default-keywords.json in Resources */,
			);
			runOnlyForDeploymentPostprocessing = 0;
		};
/* End PBXResourcesBuildPhase section */

/* Begin PBXSourcesBuildPhase section */
		640F4135301C5D4700BD5F93 /* Sources */ = {
			isa = PBXSourcesBuildPhase;
			buildActionMask = 2147483647;
			files = (
				640F4149301C5D4700BD5F93 /* ViewController.swift in Sources */,
				640F413D301C5D4700BD5F93 /* AppDelegate.swift in Sources */,
			);
			runOnlyForDeploymentPostprocessing = 0;
		};
		640F4150301C5D4800BD5F93 /* Sources */ = {
			isa = PBXSourcesBuildPhase;
			buildActionMask = 2147483647;
			files = (
				640F415A301C5D4800BD5F93 /* SafariWebExtensionHandler.swift in Sources */,
			);
			runOnlyForDeploymentPostprocessing = 0;
		};
/* End PBXSourcesBuildPhase section */

/* Begin PBXTargetDependency section */
		640F4157301C5D4800BD5F93 /* PBXTargetDependency */ = {
			isa = PBXTargetDependency;
			target = 640F4153301C5D4800BD5F93 /* AutoBanRobot Safari Extension */;
			targetProxy = 640F4156301C5D4800BD5F93 /* PBXContainerItemProxy */;
		};
/* End PBXTargetDependency section */

/* Begin PBXVariantGroup section */
		640F413F301C5D4700BD5F93 /* Main.html */ = {
			isa = PBXVariantGroup;
			children = (
				640F4140301C5D4700BD5F93 /* Base */,
			);
			name = Main.html;
			sourceTree = "<group>";
		};
		640F414A301C5D4700BD5F93 /* Main.storyboard */ = {
			isa = PBXVariantGroup;
			children = (
				640F414B301C5D4700BD5F93 /* Base */,
			);
			name = Main.storyboard;
			sourceTree = "<group>";
		};
/* End PBXVariantGroup section */

/* Begin XCBuildConfiguration section */
		640F415C301C5D4800BD5F93 /* Debug */ = {
			isa = XCBuildConfiguration;
			buildSettings = {
				ALWAYS_SEARCH_USER_PATHS = NO;
				ASSETCATALOG_COMPILER_GENERATE_SWIFT_ASSET_SYMBOL_EXTENSIONS = YES;
				CLANG_ANALYZER_NONNULL = YES;
				CLANG_ANALYZER_NUMBER_OBJECT_CONVERSION = YES_AGGRESSIVE;
				CLANG_CXX_LANGUAGE_STANDARD = "gnu++20";
				CLANG_ENABLE_MODULES = YES;
				CLANG_ENABLE_OBJC_ARC = YES;
				CLANG_ENABLE_OBJC_WEAK = YES;
				CLANG_WARN_BLOCK_CAPTURE_AUTORELEASING = YES;
				CLANG_WARN_BOOL_CONVERSION = YES;
				CLANG_WARN_COMMA = YES;
				CLANG_WARN_CONSTANT_CONVERSION = YES;
				CLANG_WARN_DEPRECATED_OBJC_IMPLEMENTATIONS = YES;
				CLANG_WARN_DIRECT_OBJC_ISA_USAGE = YES_ERROR;
				CLANG_WARN_DOCUMENTATION_COMMENTS = YES;
				CLANG_WARN_EMPTY_BODY = YES;
				CLANG_WARN_ENUM_CONVERSION = YES;
				CLANG_WARN_INFINITE_RECURSION = YES;
				CLANG_WARN_INT_CONVERSION = YES;
				CLANG_WARN_NON_LITERAL_NULL_CONVERSION = YES;
				CLANG_WARN_OBJC_IMPLICIT_RETAIN_SELF = YES;
				CLANG_WARN_OBJC_LITERAL_CONVERSION = YES;
				CLANG_WARN_OBJC_ROOT_CLASS = YES_ERROR;
				CLANG_WARN_QUOTED_INCLUDE_IN_FRAMEWORK_HEADER = YES;
				CLANG_WARN_RANGE_LOOP_ANALYSIS = YES;
				CLANG_WARN_STRICT_PROTOTYPES = YES;
				CLANG_WARN_SUSPICIOUS_MOVE = YES;
				CLANG_WARN_UNGUARDED_AVAILABILITY = YES_AGGRESSIVE;
				CLANG_WARN_UNREACHABLE_CODE = YES;
				CLANG_WARN__DUPLICATE_METHOD_MATCH = YES;
				COPY_PHASE_STRIP = NO;
				DEBUG_INFORMATION_FORMAT = dwarf;
				ENABLE_STRICT_OBJC_MSGSEND = YES;
				ENABLE_TESTABILITY = YES;
				ENABLE_USER_SCRIPT_SANDBOXING = YES;
				GCC_C_LANGUAGE_STANDARD = gnu17;
				GCC_DYNAMIC_NO_PIC = NO;
				GCC_NO_COMMON_BLOCKS = YES;
				GCC_OPTIMIZATION_LEVEL = 0;
				GCC_PREPROCESSOR_DEFINITIONS = (
					"DEBUG=1",
					"$(inherited)",
				);
				GCC_WARN_64_TO_32_BIT_CONVERSION = YES;
				GCC_WARN_ABOUT_RETURN_TYPE = YES_ERROR;
				GCC_WARN_UNDECLARED_SELECTOR = YES;
				GCC_WARN_UNINITIALIZED_AUTOS = YES_AGGRESSIVE;
				GCC_WARN_UNUSED_FUNCTION = YES;
				GCC_WARN_UNUSED_VARIABLE = YES;
				LOCALIZATION_PREFERS_STRING_CATALOGS = YES;
				MACOSX_DEPLOYMENT_TARGET = 26.5;
				MTL_ENABLE_DEBUG_INFO = INCLUDE_SOURCE;
				MTL_FAST_MATH = YES;
				ONLY_ACTIVE_ARCH = YES;
				SDKROOT = macosx;
				SWIFT_ACTIVE_COMPILATION_CONDITIONS = "DEBUG $(inherited)";
				SWIFT_OPTIMIZATION_LEVEL = "-Onone";
			};
			name = Debug;
		};
		640F415D301C5D4800BD5F93 /* Release */ = {
			isa = XCBuildConfiguration;
			buildSettings = {
				ALWAYS_SEARCH_USER_PATHS = NO;
				ASSETCATALOG_COMPILER_GENERATE_SWIFT_ASSET_SYMBOL_EXTENSIONS = YES;
				CLANG_ANALYZER_NONNULL = YES;
				CLANG_ANALYZER_NUMBER_OBJECT_CONVERSION = YES_AGGRESSIVE;
				CLANG_CXX_LANGUAGE_STANDARD = "gnu++20";
				CLANG_ENABLE_MODULES = YES;
				CLANG_ENABLE_OBJC_ARC = YES;
				CLANG_ENABLE_OBJC_WEAK = YES;
				CLANG_WARN_BLOCK_CAPTURE_AUTORELEASING = YES;
				CLANG_WARN_BOOL_CONVERSION = YES;
				CLANG_WARN_COMMA = YES;
				CLANG_WARN_CONSTANT_CONVERSION = YES;
				CLANG_WARN_DEPRECATED_OBJC_IMPLEMENTATIONS = YES;
				CLANG_WARN_DIRECT_OBJC_ISA_USAGE = YES_ERROR;
				CLANG_WARN_DOCUMENTATION_COMMENTS = YES;
				CLANG_WARN_EMPTY_BODY = YES;
				CLANG_WARN_ENUM_CONVERSION = YES;
				CLANG_WARN_INFINITE_RECURSION = YES;
				CLANG_WARN_INT_CONVERSION = YES;
				CLANG_WARN_NON_LITERAL_NULL_CONVERSION = YES;
				CLANG_WARN_OBJC_IMPLICIT_RETAIN_SELF = YES;
				CLANG_WARN_OBJC_LITERAL_CONVERSION = YES;
				CLANG_WARN_OBJC_ROOT_CLASS = YES_ERROR;
				CLANG_WARN_QUOTED_INCLUDE_IN_FRAMEWORK_HEADER = YES;
				CLANG_WARN_RANGE_LOOP_ANALYSIS = YES;
				CLANG_WARN_STRICT_PROTOTYPES = YES;
				CLANG_WARN_SUSPICIOUS_MOVE = YES;
				CLANG_WARN_UNGUARDED_AVAILABILITY = YES_AGGRESSIVE;
				CLANG_WARN_UNREACHABLE_CODE = YES;
				CLANG_WARN__DUPLICATE_METHOD_MATCH = YES;
				COPY_PHASE_STRIP = NO;
				DEBUG_INFORMATION_FORMAT = "dwarf-with-dsym";
				ENABLE_NS_ASSERTIONS = NO;
				ENABLE_STRICT_OBJC_MSGSEND = YES;
				ENABLE_USER_SCRIPT_SANDBOXING = YES;
				GCC_C_LANGUAGE_STANDARD = gnu17;
				GCC_NO_COMMON_BLOCKS = YES;
				GCC_WARN_64_TO_32_BIT_CONVERSION = YES;
				GCC_WARN_ABOUT_RETURN_TYPE = YES_ERROR;
				GCC_WARN_UNDECLARED_SELECTOR = YES;
				GCC_WARN_UNINITIALIZED_AUTOS = YES_AGGRESSIVE;
				GCC_WARN_UNUSED_FUNCTION = YES;
				GCC_WARN_UNUSED_VARIABLE = YES;
				LOCALIZATION_PREFERS_STRING_CATALOGS = YES;
				MACOSX_DEPLOYMENT_TARGET = 26.5;
				MTL_ENABLE_DEBUG_INFO = NO;
				MTL_FAST_MATH = YES;
				SDKROOT = macosx;
				SWIFT_COMPILATION_MODE = wholemodule;
			};
			name = Release;
		};
		640F415F301C5D4800BD5F93 /* Debug */ = {
			isa = XCBuildConfiguration;
			buildSettings = {
				CODE_SIGN_STYLE = Automatic;
				CURRENT_PROJECT_VERSION = 1;
				ENABLE_APP_SANDBOX = YES;
				ENABLE_HARDENED_RUNTIME = YES;
				ENABLE_USER_SELECTED_FILES = readonly;
				GENERATE_INFOPLIST_FILE = YES;
				INFOPLIST_FILE = "AutoBanRobot Safari Extension/Info.plist";
				INFOPLIST_KEY_CFBundleDisplayName = "AutoBanRobot Safari Extension";
				INFOPLIST_KEY_NSHumanReadableCopyright = "";
				LD_RUNPATH_SEARCH_PATHS = (
					"$(inherited)",
					"@executable_path/../Frameworks",
					"@executable_path/../../../../Frameworks",
				);
				MACOSX_DEPLOYMENT_TARGET = 10.14;
				MARKETING_VERSION = 1.0;
				OTHER_LDFLAGS = (
					"-framework",
					SafariServices,
				);
				PRODUCT_BUNDLE_IDENTIFIER = com.serenamustrich.autobanrobot.safari.Extension;
				PRODUCT_NAME = "$(TARGET_NAME)";
				SKIP_INSTALL = YES;
				STRING_CATALOG_GENERATE_SYMBOLS = YES;
				SWIFT_APPROACHABLE_CONCURRENCY = YES;
				SWIFT_EMIT_LOC_STRINGS = YES;
				SWIFT_UPCOMING_FEATURE_MEMBER_IMPORT_VISIBILITY = YES;
				SWIFT_VERSION = 5.0;
			};
			name = Debug;
		};
		640F4160301C5D4800BD5F93 /* Release */ = {
			isa = XCBuildConfiguration;
			buildSettings = {
				CODE_SIGN_STYLE = Automatic;
				CURRENT_PROJECT_VERSION = 1;
				ENABLE_APP_SANDBOX = YES;
				ENABLE_HARDENED_RUNTIME = YES;
				ENABLE_USER_SELECTED_FILES = readonly;
				GENERATE_INFOPLIST_FILE = YES;
				INFOPLIST_FILE = "AutoBanRobot Safari Extension/Info.plist";
				INFOPLIST_KEY_CFBundleDisplayName = "AutoBanRobot Safari Extension";
				INFOPLIST_KEY_NSHumanReadableCopyright = "";
				LD_RUNPATH_SEARCH_PATHS = (
					"$(inherited)",
					"@executable_path/../Frameworks",
					"@executable_path/../../../../Frameworks",
				);
				MACOSX_DEPLOYMENT_TARGET = 10.14;
				MARKETING_VERSION = 1.0;
				OTHER_LDFLAGS = (
					"-framework",
					SafariServices,
				);
				PRODUCT_BUNDLE_IDENTIFIER = com.serenamustrich.autobanrobot.safari.Extension;
				PRODUCT_NAME = "$(TARGET_NAME)";
				SKIP_INSTALL = YES;
				STRING_CATALOG_GENERATE_SYMBOLS = YES;
				SWIFT_APPROACHABLE_CONCURRENCY = YES;
				SWIFT_EMIT_LOC_STRINGS = YES;
				SWIFT_UPCOMING_FEATURE_MEMBER_IMPORT_VISIBILITY = YES;
				SWIFT_VERSION = 5.0;
			};
			name = Release;
		};
		640F4163301C5D4800BD5F93 /* Debug */ = {
			isa = XCBuildConfiguration;
			buildSettings = {
				ASSETCATALOG_COMPILER_APPICON_NAME = AppIcon;
				ASSETCATALOG_COMPILER_GLOBAL_ACCENT_COLOR_NAME = AccentColor;
				CODE_SIGN_STYLE = Automatic;
				COMBINE_HIDPI_IMAGES = YES;
				CURRENT_PROJECT_VERSION = 1;
				ENABLE_APP_SANDBOX = YES;
				ENABLE_HARDENED_RUNTIME = YES;
				ENABLE_OUTGOING_NETWORK_CONNECTIONS = YES;
				ENABLE_USER_SELECTED_FILES = readonly;
				GENERATE_INFOPLIST_FILE = YES;
				INFOPLIST_FILE = "AutoBanRobot Safari/Info.plist";
				INFOPLIST_KEY_CFBundleDisplayName = "AutoBanRobot Safari";
				INFOPLIST_KEY_NSHumanReadableCopyright = "";
				INFOPLIST_KEY_NSMainStoryboardFile = Main;
				INFOPLIST_KEY_NSPrincipalClass = NSApplication;
				LD_RUNPATH_SEARCH_PATHS = (
					"$(inherited)",
					"@executable_path/../Frameworks",
				);
				MARKETING_VERSION = 1.0;
				OTHER_LDFLAGS = (
					"-framework",
					SafariServices,
					"-framework",
					WebKit,
				);
				PRODUCT_BUNDLE_IDENTIFIER = "com.serenamustrich.autobanrobot.safari";
				PRODUCT_NAME = "$(TARGET_NAME)";
				REGISTER_APP_GROUPS = YES;
				STRING_CATALOG_GENERATE_SYMBOLS = YES;
				SWIFT_APPROACHABLE_CONCURRENCY = YES;
				SWIFT_DEFAULT_ACTOR_ISOLATION = MainActor;
				SWIFT_EMIT_LOC_STRINGS = YES;
				SWIFT_UPCOMING_FEATURE_MEMBER_IMPORT_VISIBILITY = YES;
				SWIFT_VERSION = 5.0;
			};
			name = Debug;
		};
		640F4164301C5D4800BD5F93 /* Release */ = {
			isa = XCBuildConfiguration;
			buildSettings = {
				ASSETCATALOG_COMPILER_APPICON_NAME = AppIcon;
				ASSETCATALOG_COMPILER_GLOBAL_ACCENT_COLOR_NAME = AccentColor;
				CODE_SIGN_STYLE = Automatic;
				COMBINE_HIDPI_IMAGES = YES;
				CURRENT_PROJECT_VERSION = 1;
				ENABLE_APP_SANDBOX = YES;
				ENABLE_HARDENED_RUNTIME = YES;
				ENABLE_OUTGOING_NETWORK_CONNECTIONS = YES;
				ENABLE_USER_SELECTED_FILES = readonly;
				GENERATE_INFOPLIST_FILE = YES;
				INFOPLIST_FILE = "AutoBanRobot Safari/Info.plist";
				INFOPLIST_KEY_CFBundleDisplayName = "AutoBanRobot Safari";
				INFOPLIST_KEY_NSHumanReadableCopyright = "";
				INFOPLIST_KEY_NSMainStoryboardFile = Main;
				INFOPLIST_KEY_NSPrincipalClass = NSApplication;
				LD_RUNPATH_SEARCH_PATHS = (
					"$(inherited)",
					"@executable_path/../Frameworks",
				);
				MARKETING_VERSION = 1.0;
				OTHER_LDFLAGS = (
					"-framework",
					SafariServices,
					"-framework",
					WebKit,
				);
				PRODUCT_BUNDLE_IDENTIFIER = "com.serenamustrich.autobanrobot.safari";
				PRODUCT_NAME = "$(TARGET_NAME)";
				REGISTER_APP_GROUPS = YES;
				STRING_CATALOG_GENERATE_SYMBOLS = YES;
				SWIFT_APPROACHABLE_CONCURRENCY = YES;
				SWIFT_DEFAULT_ACTOR_ISOLATION = MainActor;
				SWIFT_EMIT_LOC_STRINGS = YES;
				SWIFT_UPCOMING_FEATURE_MEMBER_IMPORT_VISIBILITY = YES;
				SWIFT_VERSION = 5.0;
			};
			name = Release;
		};
/* End XCBuildConfiguration section */

/* Begin XCConfigurationList section */
		640F4134301C5D4700BD5F93 /* Build configuration list for PBXProject "AutoBanRobot Safari" */ = {
			isa = XCConfigurationList;
			buildConfigurations = (
				640F415C301C5D4800BD5F93 /* Debug */,
				640F415D301C5D4800BD5F93 /* Release */,
			);
			defaultConfigurationIsVisible = 0;
			defaultConfigurationName = Release;
		};
		640F415E301C5D4800BD5F93 /* Build configuration list for PBXNativeTarget "AutoBanRobot Safari Extension" */ = {
			isa = XCConfigurationList;
			buildConfigurations = (
				640F415F301C5D4800BD5F93 /* Debug */,
				640F4160301C5D4800BD5F93 /* Release */,
			);
			defaultConfigurationIsVisible = 0;
			defaultConfigurationName = Release;
		};
		640F4162301C5D4800BD5F93 /* Build configuration list for PBXNativeTarget "AutoBanRobot Safari" */ = {
			isa = XCConfigurationList;
			buildConfigurations = (
				640F4163301C5D4800BD5F93 /* Debug */,
				640F4164301C5D4800BD5F93 /* Release */,
			);
			defaultConfigurationIsVisible = 0;
			defaultConfigurationName = Release;
		};
/* End XCConfigurationList section */
	};
	rootObject = 640F4131301C5D4700BD5F93 /* Project object */;
}
